// !$*UTF8*$!
{
	archiveVersion = 1;
	classes = {
	};
	objectVersion = 46;
	objects = {

/* Begin PBXAggregateTarget section */
		F6D19BC61A5188CB00FD4715 /* Mogenerator */ = {
			isa = PBXAggregateTarget;
			buildConfigurationList = F6D19BC91A5188CB00FD4715 /* Build configuration list for PBXAggregateTarget "Mogenerator" */;
			buildPhases = (
				F6D19BCA1A51890500FD4715 /* ShellScript */,
			);
			dependencies = (
			);
			name = Mogenerator;
			productName = Mogenerator;
		};
/* End PBXAggregateTarget section */

/* Begin PBXBuildFile section */
		74FC4BF9C2617FB8AB8D09A5 /* libPods-AlmappCore.a in Frameworks */ = {isa = PBXBuildFile; fileRef = 0875CE0C44FECE477E86A560 /* libPods-AlmappCore.a */; };
		F603D0281A73015F00913806 /* ALMTestsConstants.m in Sources */ = {isa = PBXBuildFile; fileRef = F603D0261A73015F00913806 /* ALMTestsConstants.m */; };
		F603D02E1A73111600913806 /* ALMTestCase.m in Sources */ = {isa = PBXBuildFile; fileRef = F603D02D1A73111600913806 /* ALMTestCase.m */; };
		F60F90771A5969F2002EF807 /* ALMComment.m in Sources */ = {isa = PBXBuildFile; fileRef = F60F90761A5969F2002EF807 /* ALMComment.m */; };
		F60F907F1A59841D002EF807 /* ALMLike.m in Sources */ = {isa = PBXBuildFile; fileRef = F60F907E1A59841D002EF807 /* ALMLike.m */; };
		F625ABD81A7C1AB800D8EA77 /* ALMApiKey.m in Sources */ = {isa = PBXBuildFile; fileRef = F625ABD71A7C1AB800D8EA77 /* ALMApiKey.m */; };
		F63683061A58C8D000DBCC6A /* ALMEvent.m in Sources */ = {isa = PBXBuildFile; fileRef = F63683051A58C8D000DBCC6A /* ALMEvent.m */; };
		F63DFD971A93EAF20065A0F6 /* ALMTemporalCredential.m in Sources */ = {isa = PBXBuildFile; fileRef = F63DFD961A93EAF20065A0F6 /* ALMTemporalCredential.m */; };
		F64204C91A7B09B700666DBE /* ALMCredential.m in Sources */ = {isa = PBXBuildFile; fileRef = F64204C81A7B09B700666DBE /* ALMCredential.m */; };
		F64204CD1A7BB3ED00666DBE /* ALMSession.m in Sources */ = {isa = PBXBuildFile; fileRef = F64204CC1A7BB3ED00666DBE /* ALMSession.m */; };
		F64478131A58ECB60078FB29 /* ALMCareer.m in Sources */ = {isa = PBXBuildFile; fileRef = F64478121A58ECB60078FB29 /* ALMCareer.m */; };
		F64478171A58EE820078FB29 /* ALMResourceConstants.m in Sources */ = {isa = PBXBuildFile; fileRef = F64478161A58EE820078FB29 /* ALMResourceConstants.m */; };
		F645D7B51A68A6BA0054A45A /* ALMGroup.m in Sources */ = {isa = PBXBuildFile; fileRef = F645D7B41A68A6BA0054A45A /* ALMGroup.m */; };
		F649C7A21A659CD900CF64AA /* ALMPost.m in Sources */ = {isa = PBXBuildFile; fileRef = F649C7A11A659CD900CF64AA /* ALMPost.m */; };
		F649C7AE1A66C5A200CF64AA /* ALMResourceIndex.m in Sources */ = {isa = PBXBuildFile; fileRef = F649C7AD1A66C5A200CF64AA /* ALMResourceIndex.m */; };
		F650A8311A58A69A000C41B4 /* ALMAcademicUnity.m in Sources */ = {isa = PBXBuildFile; fileRef = F650A8301A58A69A000C41B4 /* ALMAcademicUnity.m */; };
		F6568C301A853ACB00BB7415 /* NSDictionary+Util.m in Sources */ = {isa = PBXBuildFile; fileRef = F6568C2F1A853ACB00BB7415 /* NSDictionary+Util.m */; };
		F6568C331A8540F900BB7415 /* ALMSearchTest.m in Sources */ = {isa = PBXBuildFile; fileRef = F6568C321A8540F900BB7415 /* ALMSearchTest.m */; };
		F65B2D6D1A8B8B7F0097542C /* ALMUserTest.m in Sources */ = {isa = PBXBuildFile; fileRef = F65B2D6C1A8B8B7F0097542C /* ALMUserTest.m */; };
		F65DD4A11A50405D006BCAF0 /* AlmappCore.h in CopyFiles */ = {isa = PBXBuildFile; fileRef = F65DD4A01A50405D006BCAF0 /* AlmappCore.h */; };
		F65DD4A91A50405D006BCAF0 /* libAlmappCore.a in Frameworks */ = {isa = PBXBuildFile; fileRef = F65DD49D1A50405D006BCAF0 /* libAlmappCore.a */; };
		F65DD4BF1A505C6E006BCAF0 /* ALMUtil.m in Sources */ = {isa = PBXBuildFile; fileRef = F65DD4BE1A505C6E006BCAF0 /* ALMUtil.m */; };
		F6647B5E1A56ED6A00D8C814 /* ALMOrganization.m in Sources */ = {isa = PBXBuildFile; fileRef = F6647B5D1A56ED6A00D8C814 /* ALMOrganization.m */; };
		F665A4441A92A16B008C334D /* ALMAuthTest.m in Sources */ = {isa = PBXBuildFile; fileRef = F665A4431A92A16B008C334D /* ALMAuthTest.m */; };
		F66B93471A63DF2D0048DACD /* ALMWebPage.m in Sources */ = {isa = PBXBuildFile; fileRef = F66B93461A63DF2D0048DACD /* ALMWebPage.m */; };
		F67E64691A9056EE0077AEEA /* ALMLikesController.m in Sources */ = {isa = PBXBuildFile; fileRef = F67E64681A9056EE0077AEEA /* ALMLikesController.m */; };
		F67F80041A82CD3A00E20802 /* ALMScheduleModuleTest.m in Sources */ = {isa = PBXBuildFile; fileRef = F67F80031A82CD3A00E20802 /* ALMScheduleModuleTest.m */; };
		F68DB1561AA0B0BF0052FC15 /* NSDate+JSON.m in Sources */ = {isa = PBXBuildFile; fileRef = F68DB1551AA0B0BF0052FC15 /* NSDate+JSON.m */; };
		F694DD561A7A9BA8005D9AE7 /* ALMError.m in Sources */ = {isa = PBXBuildFile; fileRef = F694DD551A7A9BA8005D9AE7 /* ALMError.m */; };
		F69C66A51A6BEA37006F1C0E /* ALMScheduleItem.m in Sources */ = {isa = PBXBuildFile; fileRef = F69C66A41A6BEA37006F1C0E /* ALMScheduleItem.m */; };
		F69C66A81A6BEA47006F1C0E /* ALMCourse.m in Sources */ = {isa = PBXBuildFile; fileRef = F69C66A71A6BEA47006F1C0E /* ALMCourse.m */; };
		F69C66AB1A6BEA4E006F1C0E /* ALMSection.m in Sources */ = {isa = PBXBuildFile; fileRef = F69C66AA1A6BEA4E006F1C0E /* ALMSection.m */; };
		F69C66AE1A6BEA7F006F1C0E /* ALMScheduleModule.m in Sources */ = {isa = PBXBuildFile; fileRef = F69C66AD1A6BEA7F006F1C0E /* ALMScheduleModule.m */; };
		F6A058A91A543E27001A1E45 /* ALMCore.m in Sources */ = {isa = PBXBuildFile; fileRef = F6A058A81A543E27001A1E45 /* ALMCore.m */; };
		F6A058AC1A54523C001A1E45 /* ALMCampus.m in Sources */ = {isa = PBXBuildFile; fileRef = F6A058AB1A54523C001A1E45 /* ALMCampus.m */; };
		F6A058B01A545E5D001A1E45 /* ALMResource.m in Sources */ = {isa = PBXBuildFile; fileRef = F6A058AF1A545E5D001A1E45 /* ALMResource.m */; };
		F6A058B31A5480C8001A1E45 /* ALMFaculty.m in Sources */ = {isa = PBXBuildFile; fileRef = F6A058B21A5480C8001A1E45 /* ALMFaculty.m */; };
		F6A058B61A5481B6001A1E45 /* ALMArea.m in Sources */ = {isa = PBXBuildFile; fileRef = F6A058B51A5481B6001A1E45 /* ALMArea.m */; };
		F6A058B91A548588001A1E45 /* ALMPlace.m in Sources */ = {isa = PBXBuildFile; fileRef = F6A058B81A548588001A1E45 /* ALMPlace.m */; };
		F6A0F45A1A7FBBE100380EE1 /* RLMResults+Select.m in Sources */ = {isa = PBXBuildFile; fileRef = F6A0F4591A7FBBE100380EE1 /* RLMResults+Select.m */; };
		F6A0F45C1A7FBEAE00380EE1 /* ALMSelectTest.m in Sources */ = {isa = PBXBuildFile; fileRef = F6A0F45B1A7FBEAE00380EE1 /* ALMSelectTest.m */; };
		F6A0F45F1A7FC22E00380EE1 /* NSArray+Query.m in Sources */ = {isa = PBXBuildFile; fileRef = F6A0F45E1A7FC22E00380EE1 /* NSArray+Query.m */; };
		F6AEF1C81A9F58A600FCA20F /* ALMEmailController.m in Sources */ = {isa = PBXBuildFile; fileRef = F6AEF1C21A9F58A600FCA20F /* ALMEmailController.m */; };
		F6AEF1C91A9F58A600FCA20F /* ALMEmailManager.m in Sources */ = {isa = PBXBuildFile; fileRef = F6AEF1C41A9F58A600FCA20F /* ALMEmailManager.m */; };
		F6AEF1CA1A9F58A600FCA20F /* ALMGmailManager.m in Sources */ = {isa = PBXBuildFile; fileRef = F6AEF1C71A9F58A600FCA20F /* ALMGmailManager.m */; };
		F6B0CEA71A745EE70004B570 /* ALMAreaTest.m in Sources */ = {isa = PBXBuildFile; fileRef = F6B0CEA41A745EE70004B570 /* ALMAreaTest.m */; };
		F6B0CEA81A745EE70004B570 /* ALMResourceTest.m in Sources */ = {isa = PBXBuildFile; fileRef = F6B0CEA61A745EE70004B570 /* ALMResourceTest.m */; };
		F6B358241A7964E200999DCE /* ALMChat.m in Sources */ = {isa = PBXBuildFile; fileRef = F6B358231A7964E200999DCE /* ALMChat.m */; };
		F6B358271A79664700999DCE /* ALMChatMessage.m in Sources */ = {isa = PBXBuildFile; fileRef = F6B358261A79664700999DCE /* ALMChatMessage.m */; };
		F6B3582C1A796B1B00999DCE /* ALMChatManager.m in Sources */ = {isa = PBXBuildFile; fileRef = F6B3582B1A796B1B00999DCE /* ALMChatManager.m */; };
		F6B3582F1A79723300999DCE /* ALMChatTest.m in Sources */ = {isa = PBXBuildFile; fileRef = F6B3582E1A79723300999DCE /* ALMChatTest.m */; };
		F6B358341A798B6F00999DCE /* ALMSessionManager.m in Sources */ = {isa = PBXBuildFile; fileRef = F6B358331A798B6F00999DCE /* ALMSessionManager.m */; };
		F6B3583B1A79ADEA00999DCE /* ALMCoreModule.m in Sources */ = {isa = PBXBuildFile; fileRef = F6B3583A1A79ADEA00999DCE /* ALMCoreModule.m */; };
		F6B7267C1A86A2D700461E17 /* ALMCategory.m in Sources */ = {isa = PBXBuildFile; fileRef = F6B7267B1A86A2D700461E17 /* ALMCategory.m */; };
		F6B7269F1A87144F00461E17 /* RLMArray+Select.m in Sources */ = {isa = PBXBuildFile; fileRef = F6B7269E1A87144F00461E17 /* RLMArray+Select.m */; };
		F6B726A31A871B4200461E17 /* ALMScheduleController.m in Sources */ = {isa = PBXBuildFile; fileRef = F6B726A21A871B4200461E17 /* ALMScheduleController.m */; };
		F6C19A8F1A92705200FA7611 /* ALMMapController.m in Sources */ = {isa = PBXBuildFile; fileRef = F6C19A8E1A92705200FA7611 /* ALMMapController.m */; };
		F6C19A921A9270B200FA7611 /* ALMCustomController.m in Sources */ = {isa = PBXBuildFile; fileRef = F6C19A911A9270B200FA7611 /* ALMCustomController.m */; };
		F6C19A951A9281B400FA7611 /* ALMUserController.m in Sources */ = {isa = PBXBuildFile; fileRef = F6C19A941A9281B400FA7611 /* ALMUserController.m */; };
		F6C779651A8FAA4E007E3ED3 /* ALMPostTest.m in Sources */ = {isa = PBXBuildFile; fileRef = F6C779641A8FAA4E007E3ED3 /* ALMPostTest.m */; };
		F6D19BDF1A51B02800FD4715 /* ALMUser.m in Sources */ = {isa = PBXBuildFile; fileRef = F6D19BDE1A51B02800FD4715 /* ALMUser.m */; };
		F6D652CC1A7A65FD000620A4 /* ALMController.m in Sources */ = {isa = PBXBuildFile; fileRef = F6D652CB1A7A65FD000620A4 /* ALMController.m */; };
		F6DCAF741A62CC2D008274D7 /* ALMBuilding.m in Sources */ = {isa = PBXBuildFile; fileRef = F6DCAF731A62CC2D008274D7 /* ALMBuilding.m */; };
		F6E32D571A6D94F400ED3AD0 /* ALMTeacher.m in Sources */ = {isa = PBXBuildFile; fileRef = F6E32D561A6D94F400ED3AD0 /* ALMTeacher.m */; };
		F6E32D5B1A6D959D00ED3AD0 /* ALMSocialResource.m in Sources */ = {isa = PBXBuildFile; fileRef = F6E32D5A1A6D959D00ED3AD0 /* ALMSocialResource.m */; };
		F6E72E631A7D91D7004988C9 /* ALMChatMessageTest.m in Sources */ = {isa = PBXBuildFile; fileRef = F6E72E621A7D91D7004988C9 /* ALMChatMessageTest.m */; };
		F6E72E671A7DA954004988C9 /* ALMConstants.m in Sources */ = {isa = PBXBuildFile; fileRef = F6E72E661A7DA954004988C9 /* ALMConstants.m */; };
		F6E72E6D1A7DC342004988C9 /* ALMChatManagerBlock.m in Sources */ = {isa = PBXBuildFile; fileRef = F6E72E6B1A7DC342004988C9 /* ALMChatManagerBlock.m */; };
		F6F573D91A741C4900D19FC4 /* ALMCoreSingletonTests.m in Sources */ = {isa = PBXBuildFile; fileRef = F6F573D71A741C4900D19FC4 /* ALMCoreSingletonTests.m */; };
		F6F573DA1A741C4900D19FC4 /* ALMPersistenceTests.m in Sources */ = {isa = PBXBuildFile; fileRef = F6F573D81A741C4900D19FC4 /* ALMPersistenceTests.m */; };
		F6F573DC1A741C5F00D19FC4 /* ALMManagerTests.m in Sources */ = {isa = PBXBuildFile; fileRef = F6F573DB1A741C5F00D19FC4 /* ALMManagerTests.m */; };
		F6FB88CA1A76815C0076C8F4 /* ALMScheduleItemTest.m in Sources */ = {isa = PBXBuildFile; fileRef = F6FB88C91A76815C0076C8F4 /* ALMScheduleItemTest.m */; };
		F6FB88CC1A76905F0076C8F4 /* ALMTestSections.m in Sources */ = {isa = PBXBuildFile; fileRef = F6FB88CB1A76905F0076C8F4 /* ALMTestSections.m */; };
		F6FEEDCC1A9F703D0033464A /* ALMEmail.m in Sources */ = {isa = PBXBuildFile; fileRef = F6FEEDCB1A9F703D0033464A /* ALMEmail.m */; };
		F6FEEDFE1A9FBD9B0033464A /* ALMEmailToken.m in Sources */ = {isa = PBXBuildFile; fileRef = F6FEEDFD1A9FBD9B0033464A /* ALMEmailToken.m */; };
		F6FEEE011A9FE0180033464A /* ALMEmailTest.m in Sources */ = {isa = PBXBuildFile; fileRef = F6FEEE001A9FE0180033464A /* ALMEmailTest.m */; };
		F6FEEE041AA01E730033464A /* ALMEmailThread.m in Sources */ = {isa = PBXBuildFile; fileRef = F6FEEE031AA01E730033464A /* ALMEmailThread.m */; };
		F6FEEE071AA02AE50033464A /* ALMEmailFolder.m in Sources */ = {isa = PBXBuildFile; fileRef = F6FEEE061AA02AE50033464A /* ALMEmailFolder.m */; };
/* End PBXBuildFile section */

/* Begin PBXContainerItemProxy section */
		F65DD4AA1A50405D006BCAF0 /* PBXContainerItemProxy */ = {
			isa = PBXContainerItemProxy;
			containerPortal = F65DD4951A50405D006BCAF0 /* Project object */;
			proxyType = 1;
			remoteGlobalIDString = F65DD49C1A50405D006BCAF0;
			remoteInfo = AlmappCore;
		};
/* End PBXContainerItemProxy section */

/* Begin PBXCopyFilesBuildPhase section */
		F65DD49B1A50405D006BCAF0 /* CopyFiles */ = {
			isa = PBXCopyFilesBuildPhase;
			buildActionMask = 2147483647;
			dstPath = "include/$(PRODUCT_NAME)";
			dstSubfolderSpec = 16;
			files = (
				F65DD4A11A50405D006BCAF0 /* AlmappCore.h in CopyFiles */,
			);
			runOnlyForDeploymentPostprocessing = 0;
		};
/* End PBXCopyFilesBuildPhase section */

/* Begin PBXFileReference section */
		0875CE0C44FECE477E86A560 /* libPods-AlmappCore.a */ = {isa = PBXFileReference; explicitFileType = archive.ar; includeInIndex = 0; path = "libPods-AlmappCore.a"; sourceTree = BUILT_PRODUCTS_DIR; };
		D31F621F95D2C81E5FF97137 /* Pods-AlmappCore.release.xcconfig */ = {isa = PBXFileReference; includeInIndex = 1; lastKnownFileType = text.xcconfig; name = "Pods-AlmappCore.release.xcconfig"; path = "Pods/Target Support Files/Pods-AlmappCore/Pods-AlmappCore.release.xcconfig"; sourceTree = "<group>"; };
		DD0BF90281DBEFD3783C76BC /* Pods-AlmappCore.debug.xcconfig */ = {isa = PBXFileReference; includeInIndex = 1; lastKnownFileType = text.xcconfig; name = "Pods-AlmappCore.debug.xcconfig"; path = "Pods/Target Support Files/Pods-AlmappCore/Pods-AlmappCore.debug.xcconfig"; sourceTree = "<group>"; };
		F60297CE1A6E8547004C92BD /* ALMSessionManagerDelegate.h */ = {isa = PBXFileReference; fileEncoding = 4; lastKnownFileType = sourcecode.c.h; path = ALMSessionManagerDelegate.h; sourceTree = "<group>"; };
		F603D0251A73015F00913806 /* ALMTestsConstants.h */ = {isa = PBXFileReference; fileEncoding = 4; lastKnownFileType = sourcecode.c.h; path = ALMTestsConstants.h; sourceTree = "<group>"; };
		F603D0261A73015F00913806 /* ALMTestsConstants.m */ = {isa = PBXFileReference; fileEncoding = 4; lastKnownFileType = sourcecode.c.objc; path = ALMTestsConstants.m; sourceTree = "<group>"; };
		F603D02C1A73111600913806 /* ALMTestCase.h */ = {isa = PBXFileReference; fileEncoding = 4; lastKnownFileType = sourcecode.c.h; path = ALMTestCase.h; sourceTree = "<group>"; };
		F603D02D1A73111600913806 /* ALMTestCase.m */ = {isa = PBXFileReference; fileEncoding = 4; lastKnownFileType = sourcecode.c.objc; path = ALMTestCase.m; sourceTree = "<group>"; };
		F60F90751A5969F2002EF807 /* ALMComment.h */ = {isa = PBXFileReference; fileEncoding = 4; lastKnownFileType = sourcecode.c.h; path = ALMComment.h; sourceTree = "<group>"; };
		F60F90761A5969F2002EF807 /* ALMComment.m */ = {isa = PBXFileReference; fileEncoding = 4; lastKnownFileType = sourcecode.c.objc; path = ALMComment.m; sourceTree = "<group>"; };
		F60F90791A596EC6002EF807 /* ALMCommentable.h */ = {isa = PBXFileReference; fileEncoding = 4; lastKnownFileType = sourcecode.c.h; path = ALMCommentable.h; sourceTree = "<group>"; };
		F60F907C1A598284002EF807 /* ALMLikeable.h */ = {isa = PBXFileReference; fileEncoding = 4; lastKnownFileType = sourcecode.c.h; path = ALMLikeable.h; sourceTree = "<group>"; };
		F60F907D1A59841D002EF807 /* ALMLike.h */ = {isa = PBXFileReference; fileEncoding = 4; lastKnownFileType = sourcecode.c.h; path = ALMLike.h; sourceTree = "<group>"; };
		F60F907E1A59841D002EF807 /* ALMLike.m */ = {isa = PBXFileReference; fileEncoding = 4; lastKnownFileType = sourcecode.c.objc; path = ALMLike.m; sourceTree = "<group>"; };
		F625ABD61A7C1AB800D8EA77 /* ALMApiKey.h */ = {isa = PBXFileReference; fileEncoding = 4; lastKnownFileType = sourcecode.c.h; path = ALMApiKey.h; sourceTree = "<group>"; };
		F625ABD71A7C1AB800D8EA77 /* ALMApiKey.m */ = {isa = PBXFileReference; fileEncoding = 4; lastKnownFileType = sourcecode.c.objc; path = ALMApiKey.m; sourceTree = "<group>"; };
		F62B94C11A6A11EA00C1F534 /* ALMMapable.h */ = {isa = PBXFileReference; fileEncoding = 4; lastKnownFileType = sourcecode.c.h; path = ALMMapable.h; sourceTree = "<group>"; };
		F63683041A58C8D000DBCC6A /* ALMEvent.h */ = {isa = PBXFileReference; fileEncoding = 4; lastKnownFileType = sourcecode.c.h; path = ALMEvent.h; sourceTree = "<group>"; };
		F63683051A58C8D000DBCC6A /* ALMEvent.m */ = {isa = PBXFileReference; fileEncoding = 4; lastKnownFileType = sourcecode.c.objc; path = ALMEvent.m; sourceTree = "<group>"; };
		F63DFD951A93EAF20065A0F6 /* ALMTemporalCredential.h */ = {isa = PBXFileReference; fileEncoding = 4; lastKnownFileType = sourcecode.c.h; path = ALMTemporalCredential.h; sourceTree = "<group>"; };
		F63DFD961A93EAF20065A0F6 /* ALMTemporalCredential.m */ = {isa = PBXFileReference; fileEncoding = 4; lastKnownFileType = sourcecode.c.objc; path = ALMTemporalCredential.m; sourceTree = "<group>"; };
		F64204C71A7B09B700666DBE /* ALMCredential.h */ = {isa = PBXFileReference; fileEncoding = 4; lastKnownFileType = sourcecode.c.h; path = ALMCredential.h; sourceTree = "<group>"; };
		F64204C81A7B09B700666DBE /* ALMCredential.m */ = {isa = PBXFileReference; fileEncoding = 4; lastKnownFileType = sourcecode.c.objc; path = ALMCredential.m; sourceTree = "<group>"; };
		F64204CA1A7BABA300666DBE /* ALMChatListenerDelegate.h */ = {isa = PBXFileReference; fileEncoding = 4; lastKnownFileType = sourcecode.c.h; path = ALMChatListenerDelegate.h; sourceTree = "<group>"; };
		F64204CB1A7BB3ED00666DBE /* ALMSession.h */ = {isa = PBXFileReference; fileEncoding = 4; lastKnownFileType = sourcecode.c.h; path = ALMSession.h; sourceTree = "<group>"; };
		F64204CC1A7BB3ED00666DBE /* ALMSession.m */ = {isa = PBXFileReference; fileEncoding = 4; lastKnownFileType = sourcecode.c.objc; path = ALMSession.m; sourceTree = "<group>"; };
		F64478111A58ECB60078FB29 /* ALMCareer.h */ = {isa = PBXFileReference; fileEncoding = 4; lastKnownFileType = sourcecode.c.h; path = ALMCareer.h; sourceTree = "<group>"; };
		F64478121A58ECB60078FB29 /* ALMCareer.m */ = {isa = PBXFileReference; fileEncoding = 4; lastKnownFileType = sourcecode.c.objc; path = ALMCareer.m; sourceTree = "<group>"; };
		F64478151A58EE820078FB29 /* ALMResourceConstants.h */ = {isa = PBXFileReference; fileEncoding = 4; lastKnownFileType = sourcecode.c.h; path = ALMResourceConstants.h; sourceTree = "<group>"; };
		F64478161A58EE820078FB29 /* ALMResourceConstants.m */ = {isa = PBXFileReference; fileEncoding = 4; lastKnownFileType = sourcecode.c.objc; path = ALMResourceConstants.m; sourceTree = "<group>"; };
		F645D7B31A68A6BA0054A45A /* ALMGroup.h */ = {isa = PBXFileReference; fileEncoding = 4; lastKnownFileType = sourcecode.c.h; path = ALMGroup.h; sourceTree = "<group>"; };
		F645D7B41A68A6BA0054A45A /* ALMGroup.m */ = {isa = PBXFileReference; fileEncoding = 4; lastKnownFileType = sourcecode.c.objc; path = ALMGroup.m; sourceTree = "<group>"; };
		F645D7C11A68B1530054A45A /* ALMEventHost.h */ = {isa = PBXFileReference; fileEncoding = 4; lastKnownFileType = sourcecode.c.h; path = ALMEventHost.h; sourceTree = "<group>"; };
		F649C7A01A659CD900CF64AA /* ALMPost.h */ = {isa = PBXFileReference; fileEncoding = 4; lastKnownFileType = sourcecode.c.h; path = ALMPost.h; sourceTree = "<group>"; };
		F649C7A11A659CD900CF64AA /* ALMPost.m */ = {isa = PBXFileReference; fileEncoding = 4; lastKnownFileType = sourcecode.c.objc; path = ALMPost.m; sourceTree = "<group>"; };
		F649C7A31A659ECF00CF64AA /* ALMPostTargetable.h */ = {isa = PBXFileReference; fileEncoding = 4; lastKnownFileType = sourcecode.c.h; path = ALMPostTargetable.h; sourceTree = "<group>"; };
		F649C7A61A65A5A300CF64AA /* ALMPostPublisher.h */ = {isa = PBXFileReference; fileEncoding = 4; lastKnownFileType = sourcecode.c.h; path = ALMPostPublisher.h; sourceTree = "<group>"; };
		F649C7AC1A66C5A200CF64AA /* ALMResourceIndex.h */ = {isa = PBXFileReference; fileEncoding = 4; lastKnownFileType = sourcecode.c.h; path = ALMResourceIndex.h; sourceTree = "<group>"; };
		F649C7AD1A66C5A200CF64AA /* ALMResourceIndex.m */ = {isa = PBXFileReference; fileEncoding = 4; lastKnownFileType = sourcecode.c.objc; path = ALMResourceIndex.m; sourceTree = "<group>"; };
		F650A82F1A58A69A000C41B4 /* ALMAcademicUnity.h */ = {isa = PBXFileReference; fileEncoding = 4; lastKnownFileType = sourcecode.c.h; path = ALMAcademicUnity.h; sourceTree = "<group>"; };
		F650A8301A58A69A000C41B4 /* ALMAcademicUnity.m */ = {isa = PBXFileReference; fileEncoding = 4; lastKnownFileType = sourcecode.c.objc; path = ALMAcademicUnity.m; sourceTree = "<group>"; };
		F65458D51A7D376600641FFE /* ALMControllerDelegate.h */ = {isa = PBXFileReference; fileEncoding = 4; lastKnownFileType = sourcecode.c.h; path = ALMControllerDelegate.h; sourceTree = "<group>"; };
		F6568C2E1A853ACB00BB7415 /* NSDictionary+Util.h */ = {isa = PBXFileReference; fileEncoding = 4; lastKnownFileType = sourcecode.c.h; path = "NSDictionary+Util.h"; sourceTree = "<group>"; };
		F6568C2F1A853ACB00BB7415 /* NSDictionary+Util.m */ = {isa = PBXFileReference; fileEncoding = 4; lastKnownFileType = sourcecode.c.objc; path = "NSDictionary+Util.m"; sourceTree = "<group>"; };
		F6568C321A8540F900BB7415 /* ALMSearchTest.m */ = {isa = PBXFileReference; fileEncoding = 4; lastKnownFileType = sourcecode.c.objc; path = ALMSearchTest.m; sourceTree = "<group>"; };
		F65B2D6C1A8B8B7F0097542C /* ALMUserTest.m */ = {isa = PBXFileReference; fileEncoding = 4; lastKnownFileType = sourcecode.c.objc; path = ALMUserTest.m; sourceTree = "<group>"; };
		F65DD49D1A50405D006BCAF0 /* libAlmappCore.a */ = {isa = PBXFileReference; explicitFileType = archive.ar; includeInIndex = 0; path = libAlmappCore.a; sourceTree = BUILT_PRODUCTS_DIR; };
		F65DD4A01A50405D006BCAF0 /* AlmappCore.h */ = {isa = PBXFileReference; lastKnownFileType = sourcecode.c.h; path = AlmappCore.h; sourceTree = "<group>"; };
		F65DD4A81A50405D006BCAF0 /* AlmappCoreTests.xctest */ = {isa = PBXFileReference; explicitFileType = wrapper.cfbundle; includeInIndex = 0; path = AlmappCoreTests.xctest; sourceTree = BUILT_PRODUCTS_DIR; };
		F65DD4AE1A50405D006BCAF0 /* Info.plist */ = {isa = PBXFileReference; lastKnownFileType = text.plist.xml; path = Info.plist; sourceTree = "<group>"; };
		F65DD4BD1A505C6E006BCAF0 /* ALMUtil.h */ = {isa = PBXFileReference; fileEncoding = 4; lastKnownFileType = sourcecode.c.h; path = ALMUtil.h; sourceTree = "<group>"; };
		F65DD4BE1A505C6E006BCAF0 /* ALMUtil.m */ = {isa = PBXFileReference; fileEncoding = 4; lastKnownFileType = sourcecode.c.objc; path = ALMUtil.m; sourceTree = "<group>"; };
		F6647B5C1A56ED6A00D8C814 /* ALMOrganization.h */ = {isa = PBXFileReference; fileEncoding = 4; lastKnownFileType = sourcecode.c.h; path = ALMOrganization.h; sourceTree = "<group>"; };
		F6647B5D1A56ED6A00D8C814 /* ALMOrganization.m */ = {isa = PBXFileReference; fileEncoding = 4; lastKnownFileType = sourcecode.c.objc; path = ALMOrganization.m; sourceTree = "<group>"; };
		F665A4431A92A16B008C334D /* ALMAuthTest.m */ = {isa = PBXFileReference; fileEncoding = 4; lastKnownFileType = sourcecode.c.objc; path = ALMAuthTest.m; sourceTree = "<group>"; };
		F66B93451A63DF2D0048DACD /* ALMWebPage.h */ = {isa = PBXFileReference; fileEncoding = 4; lastKnownFileType = sourcecode.c.h; path = ALMWebPage.h; sourceTree = "<group>"; };
		F66B93461A63DF2D0048DACD /* ALMWebPage.m */ = {isa = PBXFileReference; fileEncoding = 4; lastKnownFileType = sourcecode.c.objc; path = ALMWebPage.m; sourceTree = "<group>"; };
		F67E64671A9056EE0077AEEA /* ALMLikesController.h */ = {isa = PBXFileReference; fileEncoding = 4; lastKnownFileType = sourcecode.c.h; path = ALMLikesController.h; sourceTree = "<group>"; };
		F67E64681A9056EE0077AEEA /* ALMLikesController.m */ = {isa = PBXFileReference; fileEncoding = 4; lastKnownFileType = sourcecode.c.objc; path = ALMLikesController.m; sourceTree = "<group>"; };
		F67F80031A82CD3A00E20802 /* ALMScheduleModuleTest.m */ = {isa = PBXFileReference; fileEncoding = 4; lastKnownFileType = sourcecode.c.objc; path = ALMScheduleModuleTest.m; sourceTree = "<group>"; };
		F68DB1541AA0B0BF0052FC15 /* NSDate+JSON.h */ = {isa = PBXFileReference; fileEncoding = 4; lastKnownFileType = sourcecode.c.h; path = "NSDate+JSON.h"; sourceTree = "<group>"; };
		F68DB1551AA0B0BF0052FC15 /* NSDate+JSON.m */ = {isa = PBXFileReference; fileEncoding = 4; lastKnownFileType = sourcecode.c.objc; path = "NSDate+JSON.m"; sourceTree = "<group>"; };
		F694DD541A7A9BA8005D9AE7 /* ALMError.h */ = {isa = PBXFileReference; fileEncoding = 4; lastKnownFileType = sourcecode.c.h; path = ALMError.h; sourceTree = "<group>"; };
		F694DD551A7A9BA8005D9AE7 /* ALMError.m */ = {isa = PBXFileReference; fileEncoding = 4; lastKnownFileType = sourcecode.c.objc; path = ALMError.m; sourceTree = "<group>"; };
		F69C66A31A6BEA37006F1C0E /* ALMScheduleItem.h */ = {isa = PBXFileReference; fileEncoding = 4; lastKnownFileType = sourcecode.c.h; path = ALMScheduleItem.h; sourceTree = "<group>"; };
		F69C66A41A6BEA37006F1C0E /* ALMScheduleItem.m */ = {isa = PBXFileReference; fileEncoding = 4; lastKnownFileType = sourcecode.c.objc; path = ALMScheduleItem.m; sourceTree = "<group>"; };
		F69C66A61A6BEA47006F1C0E /* ALMCourse.h */ = {isa = PBXFileReference; fileEncoding = 4; lastKnownFileType = sourcecode.c.h; path = ALMCourse.h; sourceTree = "<group>"; };
		F69C66A71A6BEA47006F1C0E /* ALMCourse.m */ = {isa = PBXFileReference; fileEncoding = 4; lastKnownFileType = sourcecode.c.objc; path = ALMCourse.m; sourceTree = "<group>"; };
		F69C66A91A6BEA4E006F1C0E /* ALMSection.h */ = {isa = PBXFileReference; fileEncoding = 4; lastKnownFileType = sourcecode.c.h; path = ALMSection.h; sourceTree = "<group>"; };
		F69C66AA1A6BEA4E006F1C0E /* ALMSection.m */ = {isa = PBXFileReference; fileEncoding = 4; lastKnownFileType = sourcecode.c.objc; path = ALMSection.m; sourceTree = "<group>"; };
		F69C66AC1A6BEA7F006F1C0E /* ALMScheduleModule.h */ = {isa = PBXFileReference; fileEncoding = 4; lastKnownFileType = sourcecode.c.h; path = ALMScheduleModule.h; sourceTree = "<group>"; };
		F69C66AD1A6BEA7F006F1C0E /* ALMScheduleModule.m */ = {isa = PBXFileReference; fileEncoding = 4; lastKnownFileType = sourcecode.c.objc; path = ALMScheduleModule.m; sourceTree = "<group>"; };
		F6A058A71A543E27001A1E45 /* ALMCore.h */ = {isa = PBXFileReference; fileEncoding = 4; lastKnownFileType = sourcecode.c.h; path = ALMCore.h; sourceTree = "<group>"; };
		F6A058A81A543E27001A1E45 /* ALMCore.m */ = {isa = PBXFileReference; fileEncoding = 4; lastKnownFileType = sourcecode.c.objc; path = ALMCore.m; sourceTree = "<group>"; };
		F6A058AA1A54523C001A1E45 /* ALMCampus.h */ = {isa = PBXFileReference; fileEncoding = 4; lastKnownFileType = sourcecode.c.h; path = ALMCampus.h; sourceTree = "<group>"; };
		F6A058AB1A54523C001A1E45 /* ALMCampus.m */ = {isa = PBXFileReference; fileEncoding = 4; lastKnownFileType = sourcecode.c.objc; path = ALMCampus.m; sourceTree = "<group>"; };
		F6A058AE1A545E5D001A1E45 /* ALMResource.h */ = {isa = PBXFileReference; fileEncoding = 4; lastKnownFileType = sourcecode.c.h; path = ALMResource.h; sourceTree = "<group>"; };
		F6A058AF1A545E5D001A1E45 /* ALMResource.m */ = {isa = PBXFileReference; fileEncoding = 4; lastKnownFileType = sourcecode.c.objc; path = ALMResource.m; sourceTree = "<group>"; };
		F6A058B11A5480C8001A1E45 /* ALMFaculty.h */ = {isa = PBXFileReference; fileEncoding = 4; lastKnownFileType = sourcecode.c.h; path = ALMFaculty.h; sourceTree = "<group>"; };
		F6A058B21A5480C8001A1E45 /* ALMFaculty.m */ = {isa = PBXFileReference; fileEncoding = 4; lastKnownFileType = sourcecode.c.objc; path = ALMFaculty.m; sourceTree = "<group>"; };
		F6A058B41A5481B6001A1E45 /* ALMArea.h */ = {isa = PBXFileReference; fileEncoding = 4; lastKnownFileType = sourcecode.c.h; path = ALMArea.h; sourceTree = "<group>"; };
		F6A058B51A5481B6001A1E45 /* ALMArea.m */ = {isa = PBXFileReference; fileEncoding = 4; lastKnownFileType = sourcecode.c.objc; path = ALMArea.m; sourceTree = "<group>"; };
		F6A058B71A548588001A1E45 /* ALMPlace.h */ = {isa = PBXFileReference; fileEncoding = 4; lastKnownFileType = sourcecode.c.h; path = ALMPlace.h; sourceTree = "<group>"; };
		F6A058B81A548588001A1E45 /* ALMPlace.m */ = {isa = PBXFileReference; fileEncoding = 4; lastKnownFileType = sourcecode.c.objc; path = ALMPlace.m; sourceTree = "<group>"; };
		F6A0F4581A7FBBE100380EE1 /* RLMResults+Select.h */ = {isa = PBXFileReference; fileEncoding = 4; lastKnownFileType = sourcecode.c.h; path = "RLMResults+Select.h"; sourceTree = "<group>"; };
		F6A0F4591A7FBBE100380EE1 /* RLMResults+Select.m */ = {isa = PBXFileReference; fileEncoding = 4; lastKnownFileType = sourcecode.c.objc; path = "RLMResults+Select.m"; sourceTree = "<group>"; };
		F6A0F45B1A7FBEAE00380EE1 /* ALMSelectTest.m */ = {isa = PBXFileReference; fileEncoding = 4; lastKnownFileType = sourcecode.c.objc; path = ALMSelectTest.m; sourceTree = "<group>"; };
		F6A0F45D1A7FC22E00380EE1 /* NSArray+Query.h */ = {isa = PBXFileReference; fileEncoding = 4; lastKnownFileType = sourcecode.c.h; path = "NSArray+Query.h"; sourceTree = "<group>"; };
		F6A0F45E1A7FC22E00380EE1 /* NSArray+Query.m */ = {isa = PBXFileReference; fileEncoding = 4; lastKnownFileType = sourcecode.c.objc; path = "NSArray+Query.m"; sourceTree = "<group>"; };
		F6AEF1C11A9F58A600FCA20F /* ALMEmailController.h */ = {isa = PBXFileReference; fileEncoding = 4; lastKnownFileType = sourcecode.c.h; path = ALMEmailController.h; sourceTree = "<group>"; };
		F6AEF1C21A9F58A600FCA20F /* ALMEmailController.m */ = {isa = PBXFileReference; fileEncoding = 4; lastKnownFileType = sourcecode.c.objc; path = ALMEmailController.m; sourceTree = "<group>"; };
		F6AEF1C31A9F58A600FCA20F /* ALMEmailManager.h */ = {isa = PBXFileReference; fileEncoding = 4; lastKnownFileType = sourcecode.c.h; path = ALMEmailManager.h; sourceTree = "<group>"; };
		F6AEF1C41A9F58A600FCA20F /* ALMEmailManager.m */ = {isa = PBXFileReference; fileEncoding = 4; lastKnownFileType = sourcecode.c.objc; path = ALMEmailManager.m; sourceTree = "<group>"; };
		F6AEF1C61A9F58A600FCA20F /* ALMGmailManager.h */ = {isa = PBXFileReference; fileEncoding = 4; lastKnownFileType = sourcecode.c.h; path = ALMGmailManager.h; sourceTree = "<group>"; };
		F6AEF1C71A9F58A600FCA20F /* ALMGmailManager.m */ = {isa = PBXFileReference; fileEncoding = 4; lastKnownFileType = sourcecode.c.objc; path = ALMGmailManager.m; sourceTree = "<group>"; };
		F6B0CEA41A745EE70004B570 /* ALMAreaTest.m */ = {isa = PBXFileReference; fileEncoding = 4; lastKnownFileType = sourcecode.c.objc; path = ALMAreaTest.m; sourceTree = "<group>"; };
		F6B0CEA51A745EE70004B570 /* ALMResourceTest.h */ = {isa = PBXFileReference; fileEncoding = 4; lastKnownFileType = sourcecode.c.h; path = ALMResourceTest.h; sourceTree = "<group>"; };
		F6B0CEA61A745EE70004B570 /* ALMResourceTest.m */ = {isa = PBXFileReference; fileEncoding = 4; lastKnownFileType = sourcecode.c.objc; path = ALMResourceTest.m; sourceTree = "<group>"; };
		F6B358221A7964E200999DCE /* ALMChat.h */ = {isa = PBXFileReference; fileEncoding = 4; lastKnownFileType = sourcecode.c.h; path = ALMChat.h; sourceTree = "<group>"; };
		F6B358231A7964E200999DCE /* ALMChat.m */ = {isa = PBXFileReference; fileEncoding = 4; lastKnownFileType = sourcecode.c.objc; path = ALMChat.m; sourceTree = "<group>"; };
		F6B358251A79664700999DCE /* ALMChatMessage.h */ = {isa = PBXFileReference; fileEncoding = 4; lastKnownFileType = sourcecode.c.h; path = ALMChatMessage.h; sourceTree = "<group>"; };
		F6B358261A79664700999DCE /* ALMChatMessage.m */ = {isa = PBXFileReference; fileEncoding = 4; lastKnownFileType = sourcecode.c.objc; path = ALMChatMessage.m; sourceTree = "<group>"; };
		F6B358281A79687100999DCE /* ALMChatManagerDelegate.h */ = {isa = PBXFileReference; fileEncoding = 4; lastKnownFileType = sourcecode.c.h; path = ALMChatManagerDelegate.h; sourceTree = "<group>"; };
		F6B3582A1A796B1B00999DCE /* ALMChatManager.h */ = {isa = PBXFileReference; fileEncoding = 4; lastKnownFileType = sourcecode.c.h; path = ALMChatManager.h; sourceTree = "<group>"; };
		F6B3582B1A796B1B00999DCE /* ALMChatManager.m */ = {isa = PBXFileReference; fileEncoding = 4; lastKnownFileType = sourcecode.c.objc; path = ALMChatManager.m; sourceTree = "<group>"; };
		F6B3582E1A79723300999DCE /* ALMChatTest.m */ = {isa = PBXFileReference; fileEncoding = 4; lastKnownFileType = sourcecode.c.objc; path = ALMChatTest.m; sourceTree = "<group>"; };
		F6B358301A79850100999DCE /* ALMConversable.h */ = {isa = PBXFileReference; fileEncoding = 4; lastKnownFileType = sourcecode.c.h; path = ALMConversable.h; sourceTree = "<group>"; };
		F6B358321A798B6F00999DCE /* ALMSessionManager.h */ = {isa = PBXFileReference; fileEncoding = 4; lastKnownFileType = sourcecode.c.h; path = ALMSessionManager.h; sourceTree = "<group>"; };
		F6B358331A798B6F00999DCE /* ALMSessionManager.m */ = {isa = PBXFileReference; fileEncoding = 4; lastKnownFileType = sourcecode.c.objc; path = ALMSessionManager.m; sourceTree = "<group>"; };
		F6B358391A79ADEA00999DCE /* ALMCoreModule.h */ = {isa = PBXFileReference; fileEncoding = 4; lastKnownFileType = sourcecode.c.h; path = ALMCoreModule.h; sourceTree = "<group>"; };
		F6B3583A1A79ADEA00999DCE /* ALMCoreModule.m */ = {isa = PBXFileReference; fileEncoding = 4; lastKnownFileType = sourcecode.c.objc; path = ALMCoreModule.m; sourceTree = "<group>"; };
		F6B3583C1A79AF3600999DCE /* ALMCoreModuleDelegate.h */ = {isa = PBXFileReference; fileEncoding = 4; lastKnownFileType = sourcecode.c.h; path = ALMCoreModuleDelegate.h; sourceTree = "<group>"; };
		F6B7267A1A86A2D700461E17 /* ALMCategory.h */ = {isa = PBXFileReference; fileEncoding = 4; lastKnownFileType = sourcecode.c.h; path = ALMCategory.h; sourceTree = "<group>"; };
		F6B7267B1A86A2D700461E17 /* ALMCategory.m */ = {isa = PBXFileReference; fileEncoding = 4; lastKnownFileType = sourcecode.c.objc; path = ALMCategory.m; sourceTree = "<group>"; };
		F6B7269D1A87144F00461E17 /* RLMArray+Select.h */ = {isa = PBXFileReference; fileEncoding = 4; lastKnownFileType = sourcecode.c.h; path = "RLMArray+Select.h"; sourceTree = "<group>"; };
		F6B7269E1A87144F00461E17 /* RLMArray+Select.m */ = {isa = PBXFileReference; fileEncoding = 4; lastKnownFileType = sourcecode.c.objc; path = "RLMArray+Select.m"; sourceTree = "<group>"; };
		F6B726A11A871B4200461E17 /* ALMScheduleController.h */ = {isa = PBXFileReference; fileEncoding = 4; lastKnownFileType = sourcecode.c.h; path = ALMScheduleController.h; sourceTree = "<group>"; };
		F6B726A21A871B4200461E17 /* ALMScheduleController.m */ = {isa = PBXFileReference; fileEncoding = 4; lastKnownFileType = sourcecode.c.objc; path = ALMScheduleController.m; sourceTree = "<group>"; };
		F6C19A8D1A92705200FA7611 /* ALMMapController.h */ = {isa = PBXFileReference; fileEncoding = 4; lastKnownFileType = sourcecode.c.h; path = ALMMapController.h; sourceTree = "<group>"; };
		F6C19A8E1A92705200FA7611 /* ALMMapController.m */ = {isa = PBXFileReference; fileEncoding = 4; lastKnownFileType = sourcecode.c.objc; path = ALMMapController.m; sourceTree = "<group>"; };
		F6C19A901A9270B200FA7611 /* ALMCustomController.h */ = {isa = PBXFileReference; fileEncoding = 4; lastKnownFileType = sourcecode.c.h; path = ALMCustomController.h; sourceTree = "<group>"; };
		F6C19A911A9270B200FA7611 /* ALMCustomController.m */ = {isa = PBXFileReference; fileEncoding = 4; lastKnownFileType = sourcecode.c.objc; path = ALMCustomController.m; sourceTree = "<group>"; };
		F6C19A931A9281B400FA7611 /* ALMUserController.h */ = {isa = PBXFileReference; fileEncoding = 4; lastKnownFileType = sourcecode.c.h; path = ALMUserController.h; sourceTree = "<group>"; };
		F6C19A941A9281B400FA7611 /* ALMUserController.m */ = {isa = PBXFileReference; fileEncoding = 4; lastKnownFileType = sourcecode.c.objc; path = ALMUserController.m; sourceTree = "<group>"; };
		F6C779641A8FAA4E007E3ED3 /* ALMPostTest.m */ = {isa = PBXFileReference; fileEncoding = 4; lastKnownFileType = sourcecode.c.objc; path = ALMPostTest.m; sourceTree = "<group>"; };
		F6D19BDD1A51B02800FD4715 /* ALMUser.h */ = {isa = PBXFileReference; fileEncoding = 4; lastKnownFileType = sourcecode.c.h; path = ALMUser.h; sourceTree = "<group>"; };
		F6D19BDE1A51B02800FD4715 /* ALMUser.m */ = {isa = PBXFileReference; fileEncoding = 4; lastKnownFileType = sourcecode.c.objc; path = ALMUser.m; sourceTree = "<group>"; };
		F6D19BEF1A51D81200FD4715 /* ALMCoreDelegate.h */ = {isa = PBXFileReference; fileEncoding = 4; lastKnownFileType = sourcecode.c.h; path = ALMCoreDelegate.h; sourceTree = "<group>"; };
		F6D652CA1A7A65FD000620A4 /* ALMController.h */ = {isa = PBXFileReference; fileEncoding = 4; lastKnownFileType = sourcecode.c.h; path = ALMController.h; sourceTree = "<group>"; };
		F6D652CB1A7A65FD000620A4 /* ALMController.m */ = {isa = PBXFileReference; fileEncoding = 4; lastKnownFileType = sourcecode.c.objc; path = ALMController.m; sourceTree = "<group>"; };
		F6DCAF721A62CC2D008274D7 /* ALMBuilding.h */ = {isa = PBXFileReference; fileEncoding = 4; lastKnownFileType = sourcecode.c.h; path = ALMBuilding.h; sourceTree = "<group>"; };
		F6DCAF731A62CC2D008274D7 /* ALMBuilding.m */ = {isa = PBXFileReference; fileEncoding = 4; lastKnownFileType = sourcecode.c.objc; path = ALMBuilding.m; sourceTree = "<group>"; };
		F6E32D551A6D94F400ED3AD0 /* ALMTeacher.h */ = {isa = PBXFileReference; fileEncoding = 4; lastKnownFileType = sourcecode.c.h; path = ALMTeacher.h; sourceTree = "<group>"; };
		F6E32D561A6D94F400ED3AD0 /* ALMTeacher.m */ = {isa = PBXFileReference; fileEncoding = 4; lastKnownFileType = sourcecode.c.objc; path = ALMTeacher.m; sourceTree = "<group>"; };
		F6E32D591A6D959D00ED3AD0 /* ALMSocialResource.h */ = {isa = PBXFileReference; fileEncoding = 4; lastKnownFileType = sourcecode.c.h; path = ALMSocialResource.h; sourceTree = "<group>"; };
		F6E32D5A1A6D959D00ED3AD0 /* ALMSocialResource.m */ = {isa = PBXFileReference; fileEncoding = 4; lastKnownFileType = sourcecode.c.objc; path = ALMSocialResource.m; sourceTree = "<group>"; };
		F6E72E621A7D91D7004988C9 /* ALMChatMessageTest.m */ = {isa = PBXFileReference; fileEncoding = 4; lastKnownFileType = sourcecode.c.objc; path = ALMChatMessageTest.m; sourceTree = "<group>"; };
		F6E72E651A7DA954004988C9 /* ALMConstants.h */ = {isa = PBXFileReference; fileEncoding = 4; lastKnownFileType = sourcecode.c.h; path = ALMConstants.h; sourceTree = "<group>"; };
		F6E72E661A7DA954004988C9 /* ALMConstants.m */ = {isa = PBXFileReference; fileEncoding = 4; lastKnownFileType = sourcecode.c.objc; path = ALMConstants.m; sourceTree = "<group>"; };
		F6E72E6B1A7DC342004988C9 /* ALMChatManagerBlock.m */ = {isa = PBXFileReference; fileEncoding = 4; lastKnownFileType = sourcecode.c.objc; path = ALMChatManagerBlock.m; sourceTree = "<group>"; };
		F6E72E6C1A7DC342004988C9 /* ALMChatManagerBlock.h */ = {isa = PBXFileReference; fileEncoding = 4; lastKnownFileType = sourcecode.c.h; path = ALMChatManagerBlock.h; sourceTree = "<group>"; };
		F6F573D71A741C4900D19FC4 /* ALMCoreSingletonTests.m */ = {isa = PBXFileReference; fileEncoding = 4; lastKnownFileType = sourcecode.c.objc; path = ALMCoreSingletonTests.m; sourceTree = "<group>"; };
		F6F573D81A741C4900D19FC4 /* ALMPersistenceTests.m */ = {isa = PBXFileReference; fileEncoding = 4; lastKnownFileType = sourcecode.c.objc; path = ALMPersistenceTests.m; sourceTree = "<group>"; };
		F6F573DB1A741C5F00D19FC4 /* ALMManagerTests.m */ = {isa = PBXFileReference; fileEncoding = 4; lastKnownFileType = sourcecode.c.objc; path = ALMManagerTests.m; sourceTree = "<group>"; };
		F6FB88C91A76815C0076C8F4 /* ALMScheduleItemTest.m */ = {isa = PBXFileReference; fileEncoding = 4; lastKnownFileType = sourcecode.c.objc; path = ALMScheduleItemTest.m; sourceTree = "<group>"; };
		F6FB88CB1A76905F0076C8F4 /* ALMTestSections.m */ = {isa = PBXFileReference; fileEncoding = 4; lastKnownFileType = sourcecode.c.objc; path = ALMTestSections.m; sourceTree = "<group>"; };
		F6FEEDCA1A9F703D0033464A /* ALMEmail.h */ = {isa = PBXFileReference; fileEncoding = 4; lastKnownFileType = sourcecode.c.h; path = ALMEmail.h; sourceTree = "<group>"; };
		F6FEEDCB1A9F703D0033464A /* ALMEmail.m */ = {isa = PBXFileReference; fileEncoding = 4; lastKnownFileType = sourcecode.c.objc; path = ALMEmail.m; sourceTree = "<group>"; };
		F6FEEDFC1A9FBD9B0033464A /* ALMEmailToken.h */ = {isa = PBXFileReference; fileEncoding = 4; lastKnownFileType = sourcecode.c.h; path = ALMEmailToken.h; sourceTree = "<group>"; };
		F6FEEDFD1A9FBD9B0033464A /* ALMEmailToken.m */ = {isa = PBXFileReference; fileEncoding = 4; lastKnownFileType = sourcecode.c.objc; path = ALMEmailToken.m; sourceTree = "<group>"; };
		F6FEEE001A9FE0180033464A /* ALMEmailTest.m */ = {isa = PBXFileReference; fileEncoding = 4; lastKnownFileType = sourcecode.c.objc; path = ALMEmailTest.m; sourceTree = "<group>"; };
		F6FEEE021AA01E730033464A /* ALMEmailThread.h */ = {isa = PBXFileReference; fileEncoding = 4; lastKnownFileType = sourcecode.c.h; path = ALMEmailThread.h; sourceTree = "<group>"; };
		F6FEEE031AA01E730033464A /* ALMEmailThread.m */ = {isa = PBXFileReference; fileEncoding = 4; lastKnownFileType = sourcecode.c.objc; path = ALMEmailThread.m; sourceTree = "<group>"; };
		F6FEEE051AA02AE50033464A /* ALMEmailFolder.h */ = {isa = PBXFileReference; fileEncoding = 4; lastKnownFileType = sourcecode.c.h; path = ALMEmailFolder.h; sourceTree = "<group>"; };
		F6FEEE061AA02AE50033464A /* ALMEmailFolder.m */ = {isa = PBXFileReference; fileEncoding = 4; lastKnownFileType = sourcecode.c.objc; path = ALMEmailFolder.m; sourceTree = "<group>"; };
/* End PBXFileReference section */

/* Begin PBXFrameworksBuildPhase section */
		F65DD49A1A50405D006BCAF0 /* Frameworks */ = {
			isa = PBXFrameworksBuildPhase;
			buildActionMask = 2147483647;
			files = (
				74FC4BF9C2617FB8AB8D09A5 /* libPods-AlmappCore.a in Frameworks */,
			);
			runOnlyForDeploymentPostprocessing = 0;
		};
		F65DD4A51A50405D006BCAF0 /* Frameworks */ = {
			isa = PBXFrameworksBuildPhase;
			buildActionMask = 2147483647;
			files = (
				F65DD4A91A50405D006BCAF0 /* libAlmappCore.a in Frameworks */,
			);
			runOnlyForDeploymentPostprocessing = 0;
		};
/* End PBXFrameworksBuildPhase section */

/* Begin PBXGroup section */
		70FC21F5BA7947DCF9447EAA /* Pods */ = {
			isa = PBXGroup;
			children = (
				DD0BF90281DBEFD3783C76BC /* Pods-AlmappCore.debug.xcconfig */,
				D31F621F95D2C81E5FF97137 /* Pods-AlmappCore.release.xcconfig */,
			);
			name = Pods;
			sourceTree = "<group>";
		};
		8F835B127C0413A5F0744CED /* Frameworks */ = {
			isa = PBXGroup;
			children = (
				0875CE0C44FECE477E86A560 /* libPods-AlmappCore.a */,
			);
			name = Frameworks;
			sourceTree = "<group>";
		};
		F603D0221A73015F00913806 /* TestHelpers */ = {
			isa = PBXGroup;
			children = (
				F603D0251A73015F00913806 /* ALMTestsConstants.h */,
				F603D0261A73015F00913806 /* ALMTestsConstants.m */,
			);
			path = TestHelpers;
			sourceTree = "<group>";
		};
		F603D02B1A73111600913806 /* TestCase */ = {
			isa = PBXGroup;
			children = (
				F603D02C1A73111600913806 /* ALMTestCase.h */,
				F603D02D1A73111600913806 /* ALMTestCase.m */,
			);
			path = TestCase;
			sourceTree = "<group>";
		};
		F60F90781A596EA6002EF807 /* Concerns */ = {
			isa = PBXGroup;
			children = (
				F6B358301A79850100999DCE /* ALMConversable.h */,
				F60F90791A596EC6002EF807 /* ALMCommentable.h */,
				F60F907C1A598284002EF807 /* ALMLikeable.h */,
				F649C7A31A659ECF00CF64AA /* ALMPostTargetable.h */,
				F649C7A61A65A5A300CF64AA /* ALMPostPublisher.h */,
				F645D7C11A68B1530054A45A /* ALMEventHost.h */,
				F62B94C11A6A11EA00C1F534 /* ALMMapable.h */,
			);
			path = Concerns;
			sourceTree = "<group>";
		};
		F6568C311A8540E600BB7415 /* TestSearch */ = {
			isa = PBXGroup;
			children = (
				F6568C321A8540F900BB7415 /* ALMSearchTest.m */,
			);
			path = TestSearch;
			sourceTree = "<group>";
		};
		F65DD4941A50405D006BCAF0 = {
			isa = PBXGroup;
			children = (
				F65DD49F1A50405D006BCAF0 /* AlmappCore */,
				F65DD4AC1A50405D006BCAF0 /* AlmappCoreTests */,
				F65DD49E1A50405D006BCAF0 /* Products */,
				70FC21F5BA7947DCF9447EAA /* Pods */,
				8F835B127C0413A5F0744CED /* Frameworks */,
			);
			sourceTree = "<group>";
		};
		F65DD49E1A50405D006BCAF0 /* Products */ = {
			isa = PBXGroup;
			children = (
				F65DD49D1A50405D006BCAF0 /* libAlmappCore.a */,
				F65DD4A81A50405D006BCAF0 /* AlmappCoreTests.xctest */,
			);
			name = Products;
			sourceTree = "<group>";
		};
		F65DD49F1A50405D006BCAF0 /* AlmappCore */ = {
			isa = PBXGroup;
			children = (
				F6E72E641A7DA94B004988C9 /* Helpers */,
				F6AEF1C01A9F58A600FCA20F /* Email */,
				F6B358291A796B0D00999DCE /* Chat */,
				F6D19BEE1A51D81200FD4715 /* Delegates */,
				F6D19BDC1A51B01100FD4715 /* Models */,
				F6D652C91A7A65EE000620A4 /* Controllers */,
				F6B358311A798B6F00999DCE /* Session */,
				F65DD4A01A50405D006BCAF0 /* AlmappCore.h */,
				F65DD4BD1A505C6E006BCAF0 /* ALMUtil.h */,
				F65DD4BE1A505C6E006BCAF0 /* ALMUtil.m */,
				F6A058A71A543E27001A1E45 /* ALMCore.h */,
				F6A058A81A543E27001A1E45 /* ALMCore.m */,
				F6B358391A79ADEA00999DCE /* ALMCoreModule.h */,
				F6B3583A1A79ADEA00999DCE /* ALMCoreModule.m */,
				F694DD541A7A9BA8005D9AE7 /* ALMError.h */,
				F694DD551A7A9BA8005D9AE7 /* ALMError.m */,
				F625ABD61A7C1AB800D8EA77 /* ALMApiKey.h */,
				F625ABD71A7C1AB800D8EA77 /* ALMApiKey.m */,
			);
			path = AlmappCore;
			sourceTree = "<group>";
		};
		F65DD4AC1A50405D006BCAF0 /* AlmappCoreTests */ = {
			isa = PBXGroup;
			children = (
				F6FEEDFF1A9FE0030033464A /* TestEmail */,
				F6568C311A8540E600BB7415 /* TestSearch */,
				F6E72E611A7D91C9004988C9 /* TestModels */,
				F6B3582D1A79722900999DCE /* TestChat */,
				F6B0CEA31A745EE70004B570 /* TestAPI */,
				F6F573D61A741C4900D19FC4 /* TestCore */,
				F603D02B1A73111600913806 /* TestCase */,
				F603D0221A73015F00913806 /* TestHelpers */,
				F65DD4AD1A50405D006BCAF0 /* Supporting Files */,
			);
			path = AlmappCoreTests;
			sourceTree = "<group>";
		};
		F65DD4AD1A50405D006BCAF0 /* Supporting Files */ = {
			isa = PBXGroup;
			children = (
				F65DD4AE1A50405D006BCAF0 /* Info.plist */,
			);
			name = "Supporting Files";
			sourceTree = "<group>";
		};
		F6A058AD1A545E50001A1E45 /* Base */ = {
			isa = PBXGroup;
			children = (
				F6E32D581A6D959100ED3AD0 /* Resource Subclasses */,
				F6A058AE1A545E5D001A1E45 /* ALMResource.h */,
				F6A058AF1A545E5D001A1E45 /* ALMResource.m */,
				F64478151A58EE820078FB29 /* ALMResourceConstants.h */,
				F64478161A58EE820078FB29 /* ALMResourceConstants.m */,
				F649C7AC1A66C5A200CF64AA /* ALMResourceIndex.h */,
				F649C7AD1A66C5A200CF64AA /* ALMResourceIndex.m */,
				F6A0F4581A7FBBE100380EE1 /* RLMResults+Select.h */,
				F6A0F4591A7FBBE100380EE1 /* RLMResults+Select.m */,
				F6B7269D1A87144F00461E17 /* RLMArray+Select.h */,
				F6B7269E1A87144F00461E17 /* RLMArray+Select.m */,
				F6A0F45D1A7FC22E00380EE1 /* NSArray+Query.h */,
				F6A0F45E1A7FC22E00380EE1 /* NSArray+Query.m */,
			);
			path = Base;
			sourceTree = "<group>";
		};
		F6AEF1C01A9F58A600FCA20F /* Email */ = {
			isa = PBXGroup;
			children = (
				F6AEF1C11A9F58A600FCA20F /* ALMEmailController.h */,
				F6AEF1C21A9F58A600FCA20F /* ALMEmailController.m */,
				F6AEF1C31A9F58A600FCA20F /* ALMEmailManager.h */,
				F6AEF1C41A9F58A600FCA20F /* ALMEmailManager.m */,
				F6FEEDC91A9F70290033464A /* Models */,
				F6AEF1C51A9F58A600FCA20F /* Managers */,
			);
			path = Email;
			sourceTree = "<group>";
		};
		F6AEF1C51A9F58A600FCA20F /* Managers */ = {
			isa = PBXGroup;
			children = (
				F6AEF1C61A9F58A600FCA20F /* ALMGmailManager.h */,
				F6AEF1C71A9F58A600FCA20F /* ALMGmailManager.m */,
			);
			path = Managers;
			sourceTree = "<group>";
		};
		F6B0CEA31A745EE70004B570 /* TestAPI */ = {
			isa = PBXGroup;
			children = (
				F665A4431A92A16B008C334D /* ALMAuthTest.m */,
				F6B0CEA51A745EE70004B570 /* ALMResourceTest.h */,
				F6B0CEA61A745EE70004B570 /* ALMResourceTest.m */,
				F6B0CEA41A745EE70004B570 /* ALMAreaTest.m */,
				F6FB88C91A76815C0076C8F4 /* ALMScheduleItemTest.m */,
				F6FB88CB1A76905F0076C8F4 /* ALMTestSections.m */,
				F65B2D6C1A8B8B7F0097542C /* ALMUserTest.m */,
				F6C779641A8FAA4E007E3ED3 /* ALMPostTest.m */,
			);
			path = TestAPI;
			sourceTree = "<group>";
		};
		F6B358291A796B0D00999DCE /* Chat */ = {
			isa = PBXGroup;
			children = (
				F6B3582A1A796B1B00999DCE /* ALMChatManager.h */,
				F6B3582B1A796B1B00999DCE /* ALMChatManager.m */,
				F6E72E6B1A7DC342004988C9 /* ALMChatManagerBlock.m */,
				F6E72E6C1A7DC342004988C9 /* ALMChatManagerBlock.h */,
			);
			path = Chat;
			sourceTree = "<group>";
		};
		F6B3582D1A79722900999DCE /* TestChat */ = {
			isa = PBXGroup;
			children = (
				F6B3582E1A79723300999DCE /* ALMChatTest.m */,
			);
			path = TestChat;
			sourceTree = "<group>";
		};
		F6B358311A798B6F00999DCE /* Session */ = {
			isa = PBXGroup;
			children = (
				F64204CB1A7BB3ED00666DBE /* ALMSession.h */,
				F64204CC1A7BB3ED00666DBE /* ALMSession.m */,
				F6B358321A798B6F00999DCE /* ALMSessionManager.h */,
				F6B358331A798B6F00999DCE /* ALMSessionManager.m */,
				F64204C71A7B09B700666DBE /* ALMCredential.h */,
				F64204C81A7B09B700666DBE /* ALMCredential.m */,
				F63DFD951A93EAF20065A0F6 /* ALMTemporalCredential.h */,
				F63DFD961A93EAF20065A0F6 /* ALMTemporalCredential.m */,
			);
			path = Session;
			sourceTree = "<group>";
		};
		F6B726A01A871B3400461E17 /* Custom Controllers */ = {
			isa = PBXGroup;
			children = (
				F6C19A931A9281B400FA7611 /* ALMUserController.h */,
				F6C19A941A9281B400FA7611 /* ALMUserController.m */,
				F6B726A11A871B4200461E17 /* ALMScheduleController.h */,
				F6B726A21A871B4200461E17 /* ALMScheduleController.m */,
				F67E64671A9056EE0077AEEA /* ALMLikesController.h */,
				F67E64681A9056EE0077AEEA /* ALMLikesController.m */,
				F6C19A8D1A92705200FA7611 /* ALMMapController.h */,
				F6C19A8E1A92705200FA7611 /* ALMMapController.m */,
			);
			path = "Custom Controllers";
			sourceTree = "<group>";
		};
		F6D19BDC1A51B01100FD4715 /* Models */ = {
			isa = PBXGroup;
			children = (
				F60F90781A596EA6002EF807 /* Concerns */,
				F6A058AD1A545E50001A1E45 /* Base */,
				F6D19BDD1A51B02800FD4715 /* ALMUser.h */,
				F6D19BDE1A51B02800FD4715 /* ALMUser.m */,
				F645D7B31A68A6BA0054A45A /* ALMGroup.h */,
				F645D7B41A68A6BA0054A45A /* ALMGroup.m */,
				F6A058AA1A54523C001A1E45 /* ALMCampus.h */,
				F6A058AB1A54523C001A1E45 /* ALMCampus.m */,
				F6A058B11A5480C8001A1E45 /* ALMFaculty.h */,
				F6A058B21A5480C8001A1E45 /* ALMFaculty.m */,
				F6DCAF721A62CC2D008274D7 /* ALMBuilding.h */,
				F6DCAF731A62CC2D008274D7 /* ALMBuilding.m */,
				F6A058B41A5481B6001A1E45 /* ALMArea.h */,
				F6A058B51A5481B6001A1E45 /* ALMArea.m */,
				F6A058B71A548588001A1E45 /* ALMPlace.h */,
				F6A058B81A548588001A1E45 /* ALMPlace.m */,
				F6B7267A1A86A2D700461E17 /* ALMCategory.h */,
				F6B7267B1A86A2D700461E17 /* ALMCategory.m */,
				F6647B5C1A56ED6A00D8C814 /* ALMOrganization.h */,
				F6647B5D1A56ED6A00D8C814 /* ALMOrganization.m */,
				F650A82F1A58A69A000C41B4 /* ALMAcademicUnity.h */,
				F650A8301A58A69A000C41B4 /* ALMAcademicUnity.m */,
				F63683041A58C8D000DBCC6A /* ALMEvent.h */,
				F63683051A58C8D000DBCC6A /* ALMEvent.m */,
				F64478111A58ECB60078FB29 /* ALMCareer.h */,
				F64478121A58ECB60078FB29 /* ALMCareer.m */,
				F60F90751A5969F2002EF807 /* ALMComment.h */,
				F60F90761A5969F2002EF807 /* ALMComment.m */,
				F60F907D1A59841D002EF807 /* ALMLike.h */,
				F60F907E1A59841D002EF807 /* ALMLike.m */,
				F649C7A01A659CD900CF64AA /* ALMPost.h */,
				F649C7A11A659CD900CF64AA /* ALMPost.m */,
				F66B93451A63DF2D0048DACD /* ALMWebPage.h */,
				F66B93461A63DF2D0048DACD /* ALMWebPage.m */,
				F69C66AC1A6BEA7F006F1C0E /* ALMScheduleModule.h */,
				F69C66AD1A6BEA7F006F1C0E /* ALMScheduleModule.m */,
				F69C66A31A6BEA37006F1C0E /* ALMScheduleItem.h */,
				F69C66A41A6BEA37006F1C0E /* ALMScheduleItem.m */,
				F69C66A61A6BEA47006F1C0E /* ALMCourse.h */,
				F69C66A71A6BEA47006F1C0E /* ALMCourse.m */,
				F69C66A91A6BEA4E006F1C0E /* ALMSection.h */,
				F69C66AA1A6BEA4E006F1C0E /* ALMSection.m */,
				F6E32D551A6D94F400ED3AD0 /* ALMTeacher.h */,
				F6E32D561A6D94F400ED3AD0 /* ALMTeacher.m */,
				F6B358221A7964E200999DCE /* ALMChat.h */,
				F6B358231A7964E200999DCE /* ALMChat.m */,
				F6B358251A79664700999DCE /* ALMChatMessage.h */,
				F6B358261A79664700999DCE /* ALMChatMessage.m */,
			);
			path = Models;
			sourceTree = "<group>";
		};
		F6D19BEE1A51D81200FD4715 /* Delegates */ = {
			isa = PBXGroup;
			children = (
				F6D19BEF1A51D81200FD4715 /* ALMCoreDelegate.h */,
				F6B3583C1A79AF3600999DCE /* ALMCoreModuleDelegate.h */,
				F60297CE1A6E8547004C92BD /* ALMSessionManagerDelegate.h */,
				F6B358281A79687100999DCE /* ALMChatManagerDelegate.h */,
				F64204CA1A7BABA300666DBE /* ALMChatListenerDelegate.h */,
				F65458D51A7D376600641FFE /* ALMControllerDelegate.h */,
			);
			path = Delegates;
			sourceTree = "<group>";
		};
		F6D652C91A7A65EE000620A4 /* Controllers */ = {
			isa = PBXGroup;
			children = (
				F6D652CA1A7A65FD000620A4 /* ALMController.h */,
				F6D652CB1A7A65FD000620A4 /* ALMController.m */,
				F6C19A901A9270B200FA7611 /* ALMCustomController.h */,
				F6C19A911A9270B200FA7611 /* ALMCustomController.m */,
				F6B726A01A871B3400461E17 /* Custom Controllers */,
			);
			path = Controllers;
			sourceTree = "<group>";
		};
		F6E32D581A6D959100ED3AD0 /* Resource Subclasses */ = {
			isa = PBXGroup;
			children = (
				F6E32D591A6D959D00ED3AD0 /* ALMSocialResource.h */,
				F6E32D5A1A6D959D00ED3AD0 /* ALMSocialResource.m */,
			);
			path = "Resource Subclasses";
			sourceTree = "<group>";
		};
		F6E72E611A7D91C9004988C9 /* TestModels */ = {
			isa = PBXGroup;
			children = (
				F6E72E621A7D91D7004988C9 /* ALMChatMessageTest.m */,
				F6A0F45B1A7FBEAE00380EE1 /* ALMSelectTest.m */,
				F67F80031A82CD3A00E20802 /* ALMScheduleModuleTest.m */,
			);
			path = TestModels;
			sourceTree = "<group>";
		};
		F6E72E641A7DA94B004988C9 /* Helpers */ = {
			isa = PBXGroup;
			children = (
				F6E72E651A7DA954004988C9 /* ALMConstants.h */,
				F6E72E661A7DA954004988C9 /* ALMConstants.m */,
				F6568C2E1A853ACB00BB7415 /* NSDictionary+Util.h */,
				F6568C2F1A853ACB00BB7415 /* NSDictionary+Util.m */,
				F68DB1541AA0B0BF0052FC15 /* NSDate+JSON.h */,
				F68DB1551AA0B0BF0052FC15 /* NSDate+JSON.m */,
			);
			path = Helpers;
			sourceTree = "<group>";
		};
		F6F573D61A741C4900D19FC4 /* TestCore */ = {
			isa = PBXGroup;
			children = (
				F6F573D71A741C4900D19FC4 /* ALMCoreSingletonTests.m */,
				F6F573D81A741C4900D19FC4 /* ALMPersistenceTests.m */,
				F6F573DB1A741C5F00D19FC4 /* ALMManagerTests.m */,
			);
			path = TestCore;
			sourceTree = "<group>";
		};
		F6FEEDC91A9F70290033464A /* Models */ = {
			isa = PBXGroup;
			children = (
				F6FEEE051AA02AE50033464A /* ALMEmailFolder.h */,
				F6FEEE061AA02AE50033464A /* ALMEmailFolder.m */,
				F6FEEE021AA01E730033464A /* ALMEmailThread.h */,
				F6FEEE031AA01E730033464A /* ALMEmailThread.m */,
				F6FEEDCA1A9F703D0033464A /* ALMEmail.h */,
				F6FEEDCB1A9F703D0033464A /* ALMEmail.m */,
				F6FEEDFC1A9FBD9B0033464A /* ALMEmailToken.h */,
				F6FEEDFD1A9FBD9B0033464A /* ALMEmailToken.m */,
			);
			path = Models;
			sourceTree = "<group>";
		};
		F6FEEDFF1A9FE0030033464A /* TestEmail */ = {
			isa = PBXGroup;
			children = (
				F6FEEE001A9FE0180033464A /* ALMEmailTest.m */,
			);
			path = TestEmail;
			sourceTree = "<group>";
		};
/* End PBXGroup section */

/* Begin PBXNativeTarget section */
		F65DD49C1A50405D006BCAF0 /* AlmappCore */ = {
			isa = PBXNativeTarget;
			buildConfigurationList = F65DD4B11A50405D006BCAF0 /* Build configuration list for PBXNativeTarget "AlmappCore" */;
			buildPhases = (
				D0C1B750E39AE1976C148334 /* Check Pods Manifest.lock */,
				F65DD4991A50405D006BCAF0 /* Sources */,
				F65DD49A1A50405D006BCAF0 /* Frameworks */,
				F65DD49B1A50405D006BCAF0 /* CopyFiles */,
				EE1ADC539FEFDAD3449BEFEB /* Copy Pods Resources */,
			);
			buildRules = (
			);
			dependencies = (
			);
			name = AlmappCore;
			productName = AlmappCore;
			productReference = F65DD49D1A50405D006BCAF0 /* libAlmappCore.a */;
			productType = "com.apple.product-type.library.static";
		};
		F65DD4A71A50405D006BCAF0 /* AlmappCoreTests */ = {
			isa = PBXNativeTarget;
			buildConfigurationList = F65DD4B41A50405D006BCAF0 /* Build configuration list for PBXNativeTarget "AlmappCoreTests" */;
			buildPhases = (
				F65DD4A41A50405D006BCAF0 /* Sources */,
				F65DD4A51A50405D006BCAF0 /* Frameworks */,
				F65DD4A61A50405D006BCAF0 /* Resources */,
			);
			buildRules = (
			);
			dependencies = (
				F65DD4AB1A50405D006BCAF0 /* PBXTargetDependency */,
			);
			name = AlmappCoreTests;
			productName = AlmappCoreTests;
			productReference = F65DD4A81A50405D006BCAF0 /* AlmappCoreTests.xctest */;
			productType = "com.apple.product-type.bundle.unit-test";
		};
/* End PBXNativeTarget section */

/* Begin PBXProject section */
		F65DD4951A50405D006BCAF0 /* Project object */ = {
			isa = PBXProject;
			attributes = {
				LastUpgradeCheck = 0610;
				ORGANIZATIONNAME = almapp;
				TargetAttributes = {
					F65DD49C1A50405D006BCAF0 = {
						CreatedOnToolsVersion = 6.1.1;
					};
					F65DD4A71A50405D006BCAF0 = {
						CreatedOnToolsVersion = 6.1.1;
					};
					F6D19BC61A5188CB00FD4715 = {
						CreatedOnToolsVersion = 6.1.1;
					};
				};
			};
			buildConfigurationList = F65DD4981A50405D006BCAF0 /* Build configuration list for PBXProject "AlmappCore" */;
			compatibilityVersion = "Xcode 3.2";
			developmentRegion = English;
			hasScannedForEncodings = 0;
			knownRegions = (
				en,
			);
			mainGroup = F65DD4941A50405D006BCAF0;
			productRefGroup = F65DD49E1A50405D006BCAF0 /* Products */;
			projectDirPath = "";
			projectRoot = "";
			targets = (
				F65DD49C1A50405D006BCAF0 /* AlmappCore */,
				F65DD4A71A50405D006BCAF0 /* AlmappCoreTests */,
				F6D19BC61A5188CB00FD4715 /* Mogenerator */,
			);
		};
/* End PBXProject section */

/* Begin PBXResourcesBuildPhase section */
		F65DD4A61A50405D006BCAF0 /* Resources */ = {
			isa = PBXResourcesBuildPhase;
			buildActionMask = 2147483647;
			files = (
			);
			runOnlyForDeploymentPostprocessing = 0;
		};
/* End PBXResourcesBuildPhase section */

/* Begin PBXShellScriptBuildPhase section */
		D0C1B750E39AE1976C148334 /* Check Pods Manifest.lock */ = {
			isa = PBXShellScriptBuildPhase;
			buildActionMask = 2147483647;
			files = (
			);
			inputPaths = (
			);
			name = "Check Pods Manifest.lock";
			outputPaths = (
			);
			runOnlyForDeploymentPostprocessing = 0;
			shellPath = /bin/sh;
			shellScript = "diff \"${PODS_ROOT}/../Podfile.lock\" \"${PODS_ROOT}/Manifest.lock\" > /dev/null\nif [[ $? != 0 ]] ; then\n    cat << EOM\nerror: The sandbox is not in sync with the Podfile.lock. Run 'pod install' or update your CocoaPods installation.\nEOM\n    exit 1\nfi\n";
			showEnvVarsInLog = 0;
		};
		EE1ADC539FEFDAD3449BEFEB /* Copy Pods Resources */ = {
			isa = PBXShellScriptBuildPhase;
			buildActionMask = 2147483647;
			files = (
			);
			inputPaths = (
			);
			name = "Copy Pods Resources";
			outputPaths = (
			);
			runOnlyForDeploymentPostprocessing = 0;
			shellPath = /bin/sh;
			shellScript = "\"${SRCROOT}/Pods/Target Support Files/Pods-AlmappCore/Pods-AlmappCore-resources.sh\"\n";
			showEnvVarsInLog = 0;
		};
		F6D19BCA1A51890500FD4715 /* ShellScript */ = {
			isa = PBXShellScriptBuildPhase;
			buildActionMask = 2147483647;
			files = (
			);
			inputPaths = (
			);
			outputPaths = (
			);
			runOnlyForDeploymentPostprocessing = 0;
			shellPath = "mogenerator -m AlmappCore/AlmappModel.xcdatamodeld -O AlmappCore/Model --template-var arc=true";
			shellScript = "";
		};
/* End PBXShellScriptBuildPhase section */

/* Begin PBXSourcesBuildPhase section */
		F65DD4991A50405D006BCAF0 /* Sources */ = {
			isa = PBXSourcesBuildPhase;
			buildActionMask = 2147483647;
			files = (
				F6E72E671A7DA954004988C9 /* ALMConstants.m in Sources */,
				F6E32D5B1A6D959D00ED3AD0 /* ALMSocialResource.m in Sources */,
				F6A058B91A548588001A1E45 /* ALMPlace.m in Sources */,
				F6AEF1CA1A9F58A600FCA20F /* ALMGmailManager.m in Sources */,
				F64478131A58ECB60078FB29 /* ALMCareer.m in Sources */,
				F6A0F45F1A7FC22E00380EE1 /* NSArray+Query.m in Sources */,
				F6B7269F1A87144F00461E17 /* RLMArray+Select.m in Sources */,
				F63683061A58C8D000DBCC6A /* ALMEvent.m in Sources */,
				F63DFD971A93EAF20065A0F6 /* ALMTemporalCredential.m in Sources */,
				F6C19A8F1A92705200FA7611 /* ALMMapController.m in Sources */,
				F6A0F45A1A7FBBE100380EE1 /* RLMResults+Select.m in Sources */,
				F694DD561A7A9BA8005D9AE7 /* ALMError.m in Sources */,
				F6B3582C1A796B1B00999DCE /* ALMChatManager.m in Sources */,
				F649C7A21A659CD900CF64AA /* ALMPost.m in Sources */,
				F64204CD1A7BB3ED00666DBE /* ALMSession.m in Sources */,
				F6B726A31A871B4200461E17 /* ALMScheduleController.m in Sources */,
				F69C66A81A6BEA47006F1C0E /* ALMCourse.m in Sources */,
				F6647B5E1A56ED6A00D8C814 /* ALMOrganization.m in Sources */,
				F6FEEDFE1A9FBD9B0033464A /* ALMEmailToken.m in Sources */,
				F649C7AE1A66C5A200CF64AA /* ALMResourceIndex.m in Sources */,
				F6FEEDCC1A9F703D0033464A /* ALMEmail.m in Sources */,
				F67E64691A9056EE0077AEEA /* ALMLikesController.m in Sources */,
				F64204C91A7B09B700666DBE /* ALMCredential.m in Sources */,
				F6A058B31A5480C8001A1E45 /* ALMFaculty.m in Sources */,
				F6568C301A853ACB00BB7415 /* NSDictionary+Util.m in Sources */,
				F6A058AC1A54523C001A1E45 /* ALMCampus.m in Sources */,
				F6D19BDF1A51B02800FD4715 /* ALMUser.m in Sources */,
				F66B93471A63DF2D0048DACD /* ALMWebPage.m in Sources */,
				F6FEEE071AA02AE50033464A /* ALMEmailFolder.m in Sources */,
				F6A058B61A5481B6001A1E45 /* ALMArea.m in Sources */,
				F6FEEE041AA01E730033464A /* ALMEmailThread.m in Sources */,
				F6C19A921A9270B200FA7611 /* ALMCustomController.m in Sources */,
				F6E32D571A6D94F400ED3AD0 /* ALMTeacher.m in Sources */,
				F60F907F1A59841D002EF807 /* ALMLike.m in Sources */,
				F65DD4BF1A505C6E006BCAF0 /* ALMUtil.m in Sources */,
				F6E72E6D1A7DC342004988C9 /* ALMChatManagerBlock.m in Sources */,
				F6B358271A79664700999DCE /* ALMChatMessage.m in Sources */,
				F6D652CC1A7A65FD000620A4 /* ALMController.m in Sources */,
				F68DB1561AA0B0BF0052FC15 /* NSDate+JSON.m in Sources */,
				F69C66AB1A6BEA4E006F1C0E /* ALMSection.m in Sources */,
				F6B7267C1A86A2D700461E17 /* ALMCategory.m in Sources */,
				F64478171A58EE820078FB29 /* ALMResourceConstants.m in Sources */,
				F60F90771A5969F2002EF807 /* ALMComment.m in Sources */,
				F6DCAF741A62CC2D008274D7 /* ALMBuilding.m in Sources */,
				F6B358341A798B6F00999DCE /* ALMSessionManager.m in Sources */,
				F6AEF1C91A9F58A600FCA20F /* ALMEmailManager.m in Sources */,
				F645D7B51A68A6BA0054A45A /* ALMGroup.m in Sources */,
				F625ABD81A7C1AB800D8EA77 /* ALMApiKey.m in Sources */,
				F6A058B01A545E5D001A1E45 /* ALMResource.m in Sources */,
				F650A8311A58A69A000C41B4 /* ALMAcademicUnity.m in Sources */,
				F69C66A51A6BEA37006F1C0E /* ALMScheduleItem.m in Sources */,
				F6C19A951A9281B400FA7611 /* ALMUserController.m in Sources */,
				F6AEF1C81A9F58A600FCA20F /* ALMEmailController.m in Sources */,
				F6B3583B1A79ADEA00999DCE /* ALMCoreModule.m in Sources */,
				F6A058A91A543E27001A1E45 /* ALMCore.m in Sources */,
				F6B358241A7964E200999DCE /* ALMChat.m in Sources */,
				F69C66AE1A6BEA7F006F1C0E /* ALMScheduleModule.m in Sources */,
			);
			runOnlyForDeploymentPostprocessing = 0;
		};
		F65DD4A41A50405D006BCAF0 /* Sources */ = {
			isa = PBXSourcesBuildPhase;
			buildActionMask = 2147483647;
			files = (
				F603D0281A73015F00913806 /* ALMTestsConstants.m in Sources */,
				F65B2D6D1A8B8B7F0097542C /* ALMUserTest.m in Sources */,
				F6C779651A8FAA4E007E3ED3 /* ALMPostTest.m in Sources */,
				F6FB88CC1A76905F0076C8F4 /* ALMTestSections.m in Sources */,
				F6E72E631A7D91D7004988C9 /* ALMChatMessageTest.m in Sources */,
				F6FEEE011A9FE0180033464A /* ALMEmailTest.m in Sources */,
				F6B0CEA81A745EE70004B570 /* ALMResourceTest.m in Sources */,
				F6F573DA1A741C4900D19FC4 /* ALMPersistenceTests.m in Sources */,
				F6B0CEA71A745EE70004B570 /* ALMAreaTest.m in Sources */,
				F665A4441A92A16B008C334D /* ALMAuthTest.m in Sources */,
				F6568C331A8540F900BB7415 /* ALMSearchTest.m in Sources */,
				F6F573DC1A741C5F00D19FC4 /* ALMManagerTests.m in Sources */,
				F6B3582F1A79723300999DCE /* ALMChatTest.m in Sources */,
				F6FB88CA1A76815C0076C8F4 /* ALMScheduleItemTest.m in Sources */,
				F6A0F45C1A7FBEAE00380EE1 /* ALMSelectTest.m in Sources */,
				F67F80041A82CD3A00E20802 /* ALMScheduleModuleTest.m in Sources */,
				F6F573D91A741C4900D19FC4 /* ALMCoreSingletonTests.m in Sources */,
				F603D02E1A73111600913806 /* ALMTestCase.m in Sources */,
			);
			runOnlyForDeploymentPostprocessing = 0;
		};
/* End PBXSourcesBuildPhase section */

/* Begin PBXTargetDependency section */
		F65DD4AB1A50405D006BCAF0 /* PBXTargetDependency */ = {
			isa = PBXTargetDependency;
			target = F65DD49C1A50405D006BCAF0 /* AlmappCore */;
			targetProxy = F65DD4AA1A50405D006BCAF0 /* PBXContainerItemProxy */;
		};
/* End PBXTargetDependency section */

/* Begin XCBuildConfiguration section */
		F65DD4AF1A50405D006BCAF0 /* Debug */ = {
			isa = XCBuildConfiguration;
			buildSettings = {
				ALWAYS_SEARCH_USER_PATHS = NO;
				CLANG_CXX_LANGUAGE_STANDARD = "gnu++0x";
				CLANG_CXX_LIBRARY = "libc++";
				CLANG_ENABLE_MODULES = YES;
				CLANG_ENABLE_OBJC_ARC = YES;
				CLANG_WARN_BOOL_CONVERSION = YES;
				CLANG_WARN_CONSTANT_CONVERSION = YES;
				CLANG_WARN_DIRECT_OBJC_ISA_USAGE = YES_ERROR;
				CLANG_WARN_EMPTY_BODY = YES;
				CLANG_WARN_ENUM_CONVERSION = YES;
				CLANG_WARN_INT_CONVERSION = YES;
				CLANG_WARN_OBJC_ROOT_CLASS = YES_ERROR;
				CLANG_WARN_UNREACHABLE_CODE = YES;
				CLANG_WARN__DUPLICATE_METHOD_MATCH = YES;
				COPY_PHASE_STRIP = NO;
				ENABLE_STRICT_OBJC_MSGSEND = YES;
				GCC_C_LANGUAGE_STANDARD = gnu99;
				GCC_DYNAMIC_NO_PIC = NO;
				GCC_OPTIMIZATION_LEVEL = 0;
				GCC_PREPROCESSOR_DEFINITIONS = (
					"DEBUG=1",
					"$(inherited)",
				);
				GCC_SYMBOLS_PRIVATE_EXTERN = NO;
				GCC_WARN_64_TO_32_BIT_CONVERSION = YES;
				GCC_WARN_ABOUT_RETURN_TYPE = YES_ERROR;
				GCC_WARN_UNDECLARED_SELECTOR = YES;
				GCC_WARN_UNINITIALIZED_AUTOS = YES_AGGRESSIVE;
				GCC_WARN_UNUSED_FUNCTION = YES;
				GCC_WARN_UNUSED_VARIABLE = YES;
				IPHONEOS_DEPLOYMENT_TARGET = 7.0;
				MTL_ENABLE_DEBUG_INFO = YES;
				ONLY_ACTIVE_ARCH = YES;
				SDKROOT = iphoneos;
			};
			name = Debug;
		};
		F65DD4B01A50405D006BCAF0 /* Release */ = {
			isa = XCBuildConfiguration;
			buildSettings = {
				ALWAYS_SEARCH_USER_PATHS = NO;
				CLANG_CXX_LANGUAGE_STANDARD = "gnu++0x";
				CLANG_CXX_LIBRARY = "libc++";
				CLANG_ENABLE_MODULES = YES;
				CLANG_ENABLE_OBJC_ARC = YES;
				CLANG_WARN_BOOL_CONVERSION = YES;
				CLANG_WARN_CONSTANT_CONVERSION = YES;
				CLANG_WARN_DIRECT_OBJC_ISA_USAGE = YES_ERROR;
				CLANG_WARN_EMPTY_BODY = YES;
				CLANG_WARN_ENUM_CONVERSION = YES;
				CLANG_WARN_INT_CONVERSION = YES;
				CLANG_WARN_OBJC_ROOT_CLASS = YES_ERROR;
				CLANG_WARN_UNREACHABLE_CODE = YES;
				CLANG_WARN__DUPLICATE_METHOD_MATCH = YES;
				COPY_PHASE_STRIP = YES;
				ENABLE_NS_ASSERTIONS = NO;
				ENABLE_STRICT_OBJC_MSGSEND = YES;
				GCC_C_LANGUAGE_STANDARD = gnu99;
				GCC_WARN_64_TO_32_BIT_CONVERSION = YES;
				GCC_WARN_ABOUT_RETURN_TYPE = YES_ERROR;
				GCC_WARN_UNDECLARED_SELECTOR = YES;
				GCC_WARN_UNINITIALIZED_AUTOS = YES_AGGRESSIVE;
				GCC_WARN_UNUSED_FUNCTION = YES;
				GCC_WARN_UNUSED_VARIABLE = YES;
				IPHONEOS_DEPLOYMENT_TARGET = 7.0;
				MTL_ENABLE_DEBUG_INFO = NO;
				SDKROOT = iphoneos;
				VALIDATE_PRODUCT = YES;
			};
			name = Release;
		};
		F65DD4B21A50405D006BCAF0 /* Debug */ = {
			isa = XCBuildConfiguration;
			baseConfigurationReference = DD0BF90281DBEFD3783C76BC /* Pods-AlmappCore.debug.xcconfig */;
			buildSettings = {
				OTHER_LDFLAGS = "-ObjC";
				PRODUCT_NAME = "$(TARGET_NAME)";
				SKIP_INSTALL = YES;
			};
			name = Debug;
		};
		F65DD4B31A50405D006BCAF0 /* Release */ = {
			isa = XCBuildConfiguration;
			baseConfigurationReference = D31F621F95D2C81E5FF97137 /* Pods-AlmappCore.release.xcconfig */;
			buildSettings = {
				OTHER_LDFLAGS = "-ObjC";
				PRODUCT_NAME = "$(TARGET_NAME)";
				SKIP_INSTALL = YES;
			};
			name = Release;
		};
		F65DD4B51A50405D006BCAF0 /* Debug */ = {
			isa = XCBuildConfiguration;
			baseConfigurationReference = DD0BF90281DBEFD3783C76BC /* Pods-AlmappCore.debug.xcconfig */;
			buildSettings = {
				FRAMEWORK_SEARCH_PATHS = (
					"$(SDKROOT)/Developer/Library/Frameworks",
					"$(inherited)",
				);
				GCC_PREPROCESSOR_DEFINITIONS = (
					"DEBUG=1",
					"$(inherited)",
				);
				INFOPLIST_FILE = AlmappCoreTests/Info.plist;
				LD_RUNPATH_SEARCH_PATHS = "$(inherited) @executable_path/Frameworks @loader_path/Frameworks";
				PRODUCT_NAME = "$(TARGET_NAME)";
			};
			name = Debug;
		};
		F65DD4B61A50405D006BCAF0 /* Release */ = {
			isa = XCBuildConfiguration;
			buildSettings = {
				FRAMEWORK_SEARCH_PATHS = (
					"$(SDKROOT)/Developer/Library/Frameworks",
					"$(inherited)",
				);
				INFOPLIST_FILE = AlmappCoreTests/Info.plist;
				LD_RUNPATH_SEARCH_PATHS = "$(inherited) @executable_path/Frameworks @loader_path/Frameworks";
				PRODUCT_NAME = "$(TARGET_NAME)";
			};
			name = Release;
		};
		F6D19BC71A5188CB00FD4715 /* Debug */ = {
			isa = XCBuildConfiguration;
			buildSettings = {
				PRODUCT_NAME = "$(TARGET_NAME)";
			};
			name = Debug;
		};
		F6D19BC81A5188CB00FD4715 /* Release */ = {
			isa = XCBuildConfiguration;
			buildSettings = {
				PRODUCT_NAME = "$(TARGET_NAME)";
			};
			name = Release;
		};
/* End XCBuildConfiguration section */

/* Begin XCConfigurationList section */
		F65DD4981A50405D006BCAF0 /* Build configuration list for PBXProject "AlmappCore" */ = {
			isa = XCConfigurationList;
			buildConfigurations = (
				F65DD4AF1A50405D006BCAF0 /* Debug */,
				F65DD4B01A50405D006BCAF0 /* Release */,
			);
			defaultConfigurationIsVisible = 0;
			defaultConfigurationName = Release;
		};
		F65DD4B11A50405D006BCAF0 /* Build configuration list for PBXNativeTarget "AlmappCore" */ = {
			isa = XCConfigurationList;
			buildConfigurations = (
				F65DD4B21A50405D006BCAF0 /* Debug */,
				F65DD4B31A50405D006BCAF0 /* Release */,
			);
			defaultConfigurationIsVisible = 0;
			defaultConfigurationName = Release;
		};
		F65DD4B41A50405D006BCAF0 /* Build configuration list for PBXNativeTarget "AlmappCoreTests" */ = {
			isa = XCConfigurationList;
			buildConfigurations = (
				F65DD4B51A50405D006BCAF0 /* Debug */,
				F65DD4B61A50405D006BCAF0 /* Release */,
			);
			defaultConfigurationIsVisible = 0;
			defaultConfigurationName = Release;
		};
		F6D19BC91A5188CB00FD4715 /* Build configuration list for PBXAggregateTarget "Mogenerator" */ = {
			isa = XCConfigurationList;
			buildConfigurations = (
				F6D19BC71A5188CB00FD4715 /* Debug */,
				F6D19BC81A5188CB00FD4715 /* Release */,
			);
			defaultConfigurationIsVisible = 0;
			defaultConfigurationName = Release;
		};
/* End XCConfigurationList section */
	};
	rootObject = F65DD4951A50405D006BCAF0 /* Project object */;
}
