// !$*UTF8*$!
{
	archiveVersion = 1;
	classes = {
	};
	objectVersion = 46;
	objects = {

/* Begin PBXAggregateTarget section */
		F6D19BC61A5188CB00FD4715 /* Mogenerator */ = {
			isa = PBXAggregateTarget;
			buildConfigurationList = F6D19BC91A5188CB00FD4715 /* Build configuration list for PBXAggregateTarget "Mogenerator" */;
			buildPhases = (
				F6D19BCA1A51890500FD4715 /* ShellScript */,
			);
			dependencies = (
			);
			name = Mogenerator;
			productName = Mogenerator;
		};
/* End PBXAggregateTarget section */

/* Begin PBXBuildFile section */
		74FC4BF9C2617FB8AB8D09A5 /* libPods-AlmappCore.a in Frameworks */ = {isa = PBXBuildFile; fileRef = 0875CE0C44FECE477E86A560 /* libPods-AlmappCore.a */; };
		F609D1D21A55E6A6008417FA /* PersistenceTests.m in Sources */ = {isa = PBXBuildFile; fileRef = F609D1D11A55E6A6008417FA /* PersistenceTests.m */; };
		F609D1D51A55EC65008417FA /* ALMAreasController.m in Sources */ = {isa = PBXBuildFile; fileRef = F609D1D41A55EC65008417FA /* ALMAreasController.m */; };
		F60F90771A5969F2002EF807 /* ALMComment.m in Sources */ = {isa = PBXBuildFile; fileRef = F60F90761A5969F2002EF807 /* ALMComment.m */; };
		F60F907F1A59841D002EF807 /* ALMLike.m in Sources */ = {isa = PBXBuildFile; fileRef = F60F907E1A59841D002EF807 /* ALMLike.m */; };
		F63683061A58C8D000DBCC6A /* ALMEvent.m in Sources */ = {isa = PBXBuildFile; fileRef = F63683051A58C8D000DBCC6A /* ALMEvent.m */; };
		F64478131A58ECB60078FB29 /* ALMCareer.m in Sources */ = {isa = PBXBuildFile; fileRef = F64478121A58ECB60078FB29 /* ALMCareer.m */; };
		F64478171A58EE820078FB29 /* ALMResourceConstants.m in Sources */ = {isa = PBXBuildFile; fileRef = F64478161A58EE820078FB29 /* ALMResourceConstants.m */; };
		F650A8311A58A69A000C41B4 /* ALMAcademicUnity.m in Sources */ = {isa = PBXBuildFile; fileRef = F650A8301A58A69A000C41B4 /* ALMAcademicUnity.m */; };
		F65DD4A11A50405D006BCAF0 /* AlmappCore.h in CopyFiles */ = {isa = PBXBuildFile; fileRef = F65DD4A01A50405D006BCAF0 /* AlmappCore.h */; };
		F65DD4A91A50405D006BCAF0 /* libAlmappCore.a in Frameworks */ = {isa = PBXBuildFile; fileRef = F65DD49D1A50405D006BCAF0 /* libAlmappCore.a */; };
		F65DD4B91A505478006BCAF0 /* CoreSingletonTests.m in Sources */ = {isa = PBXBuildFile; fileRef = F65DD4B81A505478006BCAF0 /* CoreSingletonTests.m */; };
		F65DD4BF1A505C6E006BCAF0 /* ALMUtil.m in Sources */ = {isa = PBXBuildFile; fileRef = F65DD4BE1A505C6E006BCAF0 /* ALMUtil.m */; };
		F65DD4DA1A509153006BCAF0 /* ALMController.m in Sources */ = {isa = PBXBuildFile; fileRef = F65DD4D91A509153006BCAF0 /* ALMController.m */; };
		F65DD4DD1A509182006BCAF0 /* ALMUsersController.m in Sources */ = {isa = PBXBuildFile; fileRef = F65DD4DC1A509182006BCAF0 /* ALMUsersController.m */; };
		F6647B5E1A56ED6A00D8C814 /* ALMOrganization.m in Sources */ = {isa = PBXBuildFile; fileRef = F6647B5D1A56ED6A00D8C814 /* ALMOrganization.m */; };
		F6A058A91A543E27001A1E45 /* ALMCore.m in Sources */ = {isa = PBXBuildFile; fileRef = F6A058A81A543E27001A1E45 /* ALMCore.m */; };
		F6A058AC1A54523C001A1E45 /* ALMCampus.m in Sources */ = {isa = PBXBuildFile; fileRef = F6A058AB1A54523C001A1E45 /* ALMCampus.m */; };
		F6A058B01A545E5D001A1E45 /* ALMResource.m in Sources */ = {isa = PBXBuildFile; fileRef = F6A058AF1A545E5D001A1E45 /* ALMResource.m */; };
		F6A058B31A5480C8001A1E45 /* ALMFaculty.m in Sources */ = {isa = PBXBuildFile; fileRef = F6A058B21A5480C8001A1E45 /* ALMFaculty.m */; };
		F6A058B61A5481B6001A1E45 /* ALMArea.m in Sources */ = {isa = PBXBuildFile; fileRef = F6A058B51A5481B6001A1E45 /* ALMArea.m */; };
		F6A058B91A548588001A1E45 /* ALMPlace.m in Sources */ = {isa = PBXBuildFile; fileRef = F6A058B81A548588001A1E45 /* ALMPlace.m */; };
		F6D19BD41A518E6000FD4715 /* ALMOrganizationsController.m in Sources */ = {isa = PBXBuildFile; fileRef = F6D19BD31A518E6000FD4715 /* ALMOrganizationsController.m */; };
		F6D19BDF1A51B02800FD4715 /* ALMUser.m in Sources */ = {isa = PBXBuildFile; fileRef = F6D19BDE1A51B02800FD4715 /* ALMUser.m */; };
		F6D19BE61A51B2C500FD4715 /* ALMDummyCoreDelegated.m in Sources */ = {isa = PBXBuildFile; fileRef = F6D19BE31A51B2C500FD4715 /* ALMDummyCoreDelegated.m */; };
		F6D19BE71A51B2C500FD4715 /* ALMTestsConstants.m in Sources */ = {isa = PBXBuildFile; fileRef = F6D19BE51A51B2C500FD4715 /* ALMTestsConstants.m */; };
		F6D19BE91A51B30E00FD4715 /* APITests.m in Sources */ = {isa = PBXBuildFile; fileRef = F6D19BE81A51B30E00FD4715 /* APITests.m */; };
		F6D19BED1A51CF4800FD4715 /* MCJSONNonNullStringTransformer.m in Sources */ = {isa = PBXBuildFile; fileRef = F6D19BEC1A51CF4800FD4715 /* MCJSONNonNullStringTransformer.m */; };
/* End PBXBuildFile section */

/* Begin PBXContainerItemProxy section */
		F65DD4AA1A50405D006BCAF0 /* PBXContainerItemProxy */ = {
			isa = PBXContainerItemProxy;
			containerPortal = F65DD4951A50405D006BCAF0 /* Project object */;
			proxyType = 1;
			remoteGlobalIDString = F65DD49C1A50405D006BCAF0;
			remoteInfo = AlmappCore;
		};
/* End PBXContainerItemProxy section */

/* Begin PBXCopyFilesBuildPhase section */
		F65DD49B1A50405D006BCAF0 /* CopyFiles */ = {
			isa = PBXCopyFilesBuildPhase;
			buildActionMask = 2147483647;
			dstPath = "include/$(PRODUCT_NAME)";
			dstSubfolderSpec = 16;
			files = (
				F65DD4A11A50405D006BCAF0 /* AlmappCore.h in CopyFiles */,
			);
			runOnlyForDeploymentPostprocessing = 0;
		};
/* End PBXCopyFilesBuildPhase section */

/* Begin PBXFileReference section */
		0875CE0C44FECE477E86A560 /* libPods-AlmappCore.a */ = {isa = PBXFileReference; explicitFileType = archive.ar; includeInIndex = 0; path = "libPods-AlmappCore.a"; sourceTree = BUILT_PRODUCTS_DIR; };
		D31F621F95D2C81E5FF97137 /* Pods-AlmappCore.release.xcconfig */ = {isa = PBXFileReference; includeInIndex = 1; lastKnownFileType = text.xcconfig; name = "Pods-AlmappCore.release.xcconfig"; path = "Pods/Target Support Files/Pods-AlmappCore/Pods-AlmappCore.release.xcconfig"; sourceTree = "<group>"; };
		DD0BF90281DBEFD3783C76BC /* Pods-AlmappCore.debug.xcconfig */ = {isa = PBXFileReference; includeInIndex = 1; lastKnownFileType = text.xcconfig; name = "Pods-AlmappCore.debug.xcconfig"; path = "Pods/Target Support Files/Pods-AlmappCore/Pods-AlmappCore.debug.xcconfig"; sourceTree = "<group>"; };
		F609D1D11A55E6A6008417FA /* PersistenceTests.m */ = {isa = PBXFileReference; fileEncoding = 4; lastKnownFileType = sourcecode.c.objc; path = PersistenceTests.m; sourceTree = "<group>"; };
		F609D1D31A55EC65008417FA /* ALMAreasController.h */ = {isa = PBXFileReference; fileEncoding = 4; lastKnownFileType = sourcecode.c.h; path = ALMAreasController.h; sourceTree = "<group>"; };
		F609D1D41A55EC65008417FA /* ALMAreasController.m */ = {isa = PBXFileReference; fileEncoding = 4; lastKnownFileType = sourcecode.c.objc; path = ALMAreasController.m; sourceTree = "<group>"; };
		F60F90751A5969F2002EF807 /* ALMComment.h */ = {isa = PBXFileReference; fileEncoding = 4; lastKnownFileType = sourcecode.c.h; path = ALMComment.h; sourceTree = "<group>"; };
		F60F90761A5969F2002EF807 /* ALMComment.m */ = {isa = PBXFileReference; fileEncoding = 4; lastKnownFileType = sourcecode.c.objc; path = ALMComment.m; sourceTree = "<group>"; };
		F60F90791A596EC6002EF807 /* ALMCommentable.h */ = {isa = PBXFileReference; fileEncoding = 4; lastKnownFileType = sourcecode.c.h; path = ALMCommentable.h; sourceTree = "<group>"; };
		F60F907C1A598284002EF807 /* ALMLikeable.h */ = {isa = PBXFileReference; fileEncoding = 4; lastKnownFileType = sourcecode.c.h; path = ALMLikeable.h; sourceTree = "<group>"; };
		F60F907D1A59841D002EF807 /* ALMLike.h */ = {isa = PBXFileReference; fileEncoding = 4; lastKnownFileType = sourcecode.c.h; path = ALMLike.h; sourceTree = "<group>"; };
		F60F907E1A59841D002EF807 /* ALMLike.m */ = {isa = PBXFileReference; fileEncoding = 4; lastKnownFileType = sourcecode.c.objc; path = ALMLike.m; sourceTree = "<group>"; };
		F63683041A58C8D000DBCC6A /* ALMEvent.h */ = {isa = PBXFileReference; fileEncoding = 4; lastKnownFileType = sourcecode.c.h; path = ALMEvent.h; sourceTree = "<group>"; };
		F63683051A58C8D000DBCC6A /* ALMEvent.m */ = {isa = PBXFileReference; fileEncoding = 4; lastKnownFileType = sourcecode.c.objc; path = ALMEvent.m; sourceTree = "<group>"; };
		F64478111A58ECB60078FB29 /* ALMCareer.h */ = {isa = PBXFileReference; fileEncoding = 4; lastKnownFileType = sourcecode.c.h; path = ALMCareer.h; sourceTree = "<group>"; };
		F64478121A58ECB60078FB29 /* ALMCareer.m */ = {isa = PBXFileReference; fileEncoding = 4; lastKnownFileType = sourcecode.c.objc; path = ALMCareer.m; sourceTree = "<group>"; };
		F64478151A58EE820078FB29 /* ALMResourceConstants.h */ = {isa = PBXFileReference; fileEncoding = 4; lastKnownFileType = sourcecode.c.h; path = ALMResourceConstants.h; sourceTree = "<group>"; };
		F64478161A58EE820078FB29 /* ALMResourceConstants.m */ = {isa = PBXFileReference; fileEncoding = 4; lastKnownFileType = sourcecode.c.objc; path = ALMResourceConstants.m; sourceTree = "<group>"; };
		F650A82F1A58A69A000C41B4 /* ALMAcademicUnity.h */ = {isa = PBXFileReference; fileEncoding = 4; lastKnownFileType = sourcecode.c.h; path = ALMAcademicUnity.h; sourceTree = "<group>"; };
		F650A8301A58A69A000C41B4 /* ALMAcademicUnity.m */ = {isa = PBXFileReference; fileEncoding = 4; lastKnownFileType = sourcecode.c.objc; path = ALMAcademicUnity.m; sourceTree = "<group>"; };
		F65DD49D1A50405D006BCAF0 /* libAlmappCore.a */ = {isa = PBXFileReference; explicitFileType = archive.ar; includeInIndex = 0; path = libAlmappCore.a; sourceTree = BUILT_PRODUCTS_DIR; };
		F65DD4A01A50405D006BCAF0 /* AlmappCore.h */ = {isa = PBXFileReference; lastKnownFileType = sourcecode.c.h; path = AlmappCore.h; sourceTree = "<group>"; };
		F65DD4A81A50405D006BCAF0 /* AlmappCoreTests.xctest */ = {isa = PBXFileReference; explicitFileType = wrapper.cfbundle; includeInIndex = 0; path = AlmappCoreTests.xctest; sourceTree = BUILT_PRODUCTS_DIR; };
		F65DD4AE1A50405D006BCAF0 /* Info.plist */ = {isa = PBXFileReference; lastKnownFileType = text.plist.xml; path = Info.plist; sourceTree = "<group>"; };
		F65DD4B81A505478006BCAF0 /* CoreSingletonTests.m */ = {isa = PBXFileReference; fileEncoding = 4; lastKnownFileType = sourcecode.c.objc; path = CoreSingletonTests.m; sourceTree = "<group>"; };
		F65DD4BD1A505C6E006BCAF0 /* ALMUtil.h */ = {isa = PBXFileReference; fileEncoding = 4; lastKnownFileType = sourcecode.c.h; path = ALMUtil.h; sourceTree = "<group>"; };
		F65DD4BE1A505C6E006BCAF0 /* ALMUtil.m */ = {isa = PBXFileReference; fileEncoding = 4; lastKnownFileType = sourcecode.c.objc; path = ALMUtil.m; sourceTree = "<group>"; };
		F65DD4D81A509153006BCAF0 /* ALMController.h */ = {isa = PBXFileReference; fileEncoding = 4; lastKnownFileType = sourcecode.c.h; path = ALMController.h; sourceTree = "<group>"; };
		F65DD4D91A509153006BCAF0 /* ALMController.m */ = {isa = PBXFileReference; fileEncoding = 4; lastKnownFileType = sourcecode.c.objc; path = ALMController.m; sourceTree = "<group>"; };
		F65DD4DB1A509182006BCAF0 /* ALMUsersController.h */ = {isa = PBXFileReference; fileEncoding = 4; lastKnownFileType = sourcecode.c.h; path = ALMUsersController.h; sourceTree = "<group>"; };
		F65DD4DC1A509182006BCAF0 /* ALMUsersController.m */ = {isa = PBXFileReference; fileEncoding = 4; lastKnownFileType = sourcecode.c.objc; path = ALMUsersController.m; sourceTree = "<group>"; };
		F6647B5C1A56ED6A00D8C814 /* ALMOrganization.h */ = {isa = PBXFileReference; fileEncoding = 4; lastKnownFileType = sourcecode.c.h; path = ALMOrganization.h; sourceTree = "<group>"; };
		F6647B5D1A56ED6A00D8C814 /* ALMOrganization.m */ = {isa = PBXFileReference; fileEncoding = 4; lastKnownFileType = sourcecode.c.objc; path = ALMOrganization.m; sourceTree = "<group>"; };
		F6A058A71A543E27001A1E45 /* ALMCore.h */ = {isa = PBXFileReference; fileEncoding = 4; lastKnownFileType = sourcecode.c.h; path = ALMCore.h; sourceTree = "<group>"; };
		F6A058A81A543E27001A1E45 /* ALMCore.m */ = {isa = PBXFileReference; fileEncoding = 4; lastKnownFileType = sourcecode.c.objc; path = ALMCore.m; sourceTree = "<group>"; };
		F6A058AA1A54523C001A1E45 /* ALMCampus.h */ = {isa = PBXFileReference; fileEncoding = 4; lastKnownFileType = sourcecode.c.h; path = ALMCampus.h; sourceTree = "<group>"; };
		F6A058AB1A54523C001A1E45 /* ALMCampus.m */ = {isa = PBXFileReference; fileEncoding = 4; lastKnownFileType = sourcecode.c.objc; path = ALMCampus.m; sourceTree = "<group>"; };
		F6A058AE1A545E5D001A1E45 /* ALMResource.h */ = {isa = PBXFileReference; fileEncoding = 4; lastKnownFileType = sourcecode.c.h; path = ALMResource.h; sourceTree = "<group>"; };
		F6A058AF1A545E5D001A1E45 /* ALMResource.m */ = {isa = PBXFileReference; fileEncoding = 4; lastKnownFileType = sourcecode.c.objc; path = ALMResource.m; sourceTree = "<group>"; };
		F6A058B11A5480C8001A1E45 /* ALMFaculty.h */ = {isa = PBXFileReference; fileEncoding = 4; lastKnownFileType = sourcecode.c.h; path = ALMFaculty.h; sourceTree = "<group>"; };
		F6A058B21A5480C8001A1E45 /* ALMFaculty.m */ = {isa = PBXFileReference; fileEncoding = 4; lastKnownFileType = sourcecode.c.objc; path = ALMFaculty.m; sourceTree = "<group>"; };
		F6A058B41A5481B6001A1E45 /* ALMArea.h */ = {isa = PBXFileReference; fileEncoding = 4; lastKnownFileType = sourcecode.c.h; path = ALMArea.h; sourceTree = "<group>"; };
		F6A058B51A5481B6001A1E45 /* ALMArea.m */ = {isa = PBXFileReference; fileEncoding = 4; lastKnownFileType = sourcecode.c.objc; path = ALMArea.m; sourceTree = "<group>"; };
		F6A058B71A548588001A1E45 /* ALMPlace.h */ = {isa = PBXFileReference; fileEncoding = 4; lastKnownFileType = sourcecode.c.h; path = ALMPlace.h; sourceTree = "<group>"; };
		F6A058B81A548588001A1E45 /* ALMPlace.m */ = {isa = PBXFileReference; fileEncoding = 4; lastKnownFileType = sourcecode.c.objc; path = ALMPlace.m; sourceTree = "<group>"; };
		F6D19BD21A518E6000FD4715 /* ALMOrganizationsController.h */ = {isa = PBXFileReference; fileEncoding = 4; lastKnownFileType = sourcecode.c.h; path = ALMOrganizationsController.h; sourceTree = "<group>"; };
		F6D19BD31A518E6000FD4715 /* ALMOrganizationsController.m */ = {isa = PBXFileReference; fileEncoding = 4; lastKnownFileType = sourcecode.c.objc; path = ALMOrganizationsController.m; sourceTree = "<group>"; };
		F6D19BDD1A51B02800FD4715 /* ALMUser.h */ = {isa = PBXFileReference; fileEncoding = 4; lastKnownFileType = sourcecode.c.h; path = ALMUser.h; sourceTree = "<group>"; };
		F6D19BDE1A51B02800FD4715 /* ALMUser.m */ = {isa = PBXFileReference; fileEncoding = 4; lastKnownFileType = sourcecode.c.objc; path = ALMUser.m; sourceTree = "<group>"; };
		F6D19BE21A51B2C500FD4715 /* ALMDummyCoreDelegated.h */ = {isa = PBXFileReference; fileEncoding = 4; lastKnownFileType = sourcecode.c.h; path = ALMDummyCoreDelegated.h; sourceTree = "<group>"; };
		F6D19BE31A51B2C500FD4715 /* ALMDummyCoreDelegated.m */ = {isa = PBXFileReference; fileEncoding = 4; lastKnownFileType = sourcecode.c.objc; path = ALMDummyCoreDelegated.m; sourceTree = "<group>"; };
		F6D19BE41A51B2C500FD4715 /* ALMTestsConstants.h */ = {isa = PBXFileReference; fileEncoding = 4; lastKnownFileType = sourcecode.c.h; path = ALMTestsConstants.h; sourceTree = "<group>"; };
		F6D19BE51A51B2C500FD4715 /* ALMTestsConstants.m */ = {isa = PBXFileReference; fileEncoding = 4; lastKnownFileType = sourcecode.c.objc; path = ALMTestsConstants.m; sourceTree = "<group>"; };
		F6D19BE81A51B30E00FD4715 /* APITests.m */ = {isa = PBXFileReference; fileEncoding = 4; lastKnownFileType = sourcecode.c.objc; path = APITests.m; sourceTree = "<group>"; };
		F6D19BEB1A51CF4800FD4715 /* MCJSONNonNullStringTransformer.h */ = {isa = PBXFileReference; fileEncoding = 4; lastKnownFileType = sourcecode.c.h; path = MCJSONNonNullStringTransformer.h; sourceTree = "<group>"; };
		F6D19BEC1A51CF4800FD4715 /* MCJSONNonNullStringTransformer.m */ = {isa = PBXFileReference; fileEncoding = 4; lastKnownFileType = sourcecode.c.objc; path = MCJSONNonNullStringTransformer.m; sourceTree = "<group>"; };
		F6D19BEF1A51D81200FD4715 /* ALMCoreDelegate.h */ = {isa = PBXFileReference; fileEncoding = 4; lastKnownFileType = sourcecode.c.h; path = ALMCoreDelegate.h; sourceTree = "<group>"; };
		F6D19BF01A51D82500FD4715 /* ALMControllerDelegate.h */ = {isa = PBXFileReference; fileEncoding = 4; lastKnownFileType = sourcecode.c.h; path = ALMControllerDelegate.h; sourceTree = "<group>"; };
/* End PBXFileReference section */

/* Begin PBXFrameworksBuildPhase section */
		F65DD49A1A50405D006BCAF0 /* Frameworks */ = {
			isa = PBXFrameworksBuildPhase;
			buildActionMask = 2147483647;
			files = (
				74FC4BF9C2617FB8AB8D09A5 /* libPods-AlmappCore.a in Frameworks */,
			);
			runOnlyForDeploymentPostprocessing = 0;
		};
		F65DD4A51A50405D006BCAF0 /* Frameworks */ = {
			isa = PBXFrameworksBuildPhase;
			buildActionMask = 2147483647;
			files = (
				F65DD4A91A50405D006BCAF0 /* libAlmappCore.a in Frameworks */,
			);
			runOnlyForDeploymentPostprocessing = 0;
		};
/* End PBXFrameworksBuildPhase section */

/* Begin PBXGroup section */
		70FC21F5BA7947DCF9447EAA /* Pods */ = {
			isa = PBXGroup;
			children = (
				DD0BF90281DBEFD3783C76BC /* Pods-AlmappCore.debug.xcconfig */,
				D31F621F95D2C81E5FF97137 /* Pods-AlmappCore.release.xcconfig */,
			);
			name = Pods;
			sourceTree = "<group>";
		};
		8F835B127C0413A5F0744CED /* Frameworks */ = {
			isa = PBXGroup;
			children = (
				0875CE0C44FECE477E86A560 /* libPods-AlmappCore.a */,
			);
			name = Frameworks;
			sourceTree = "<group>";
		};
		F60F90781A596EA6002EF807 /* Concerns */ = {
			isa = PBXGroup;
			children = (
				F60F90791A596EC6002EF807 /* ALMCommentable.h */,
				F60F907C1A598284002EF807 /* ALMLikeable.h */,
			);
			path = Concerns;
			sourceTree = "<group>";
		};
		F65DD4941A50405D006BCAF0 = {
			isa = PBXGroup;
			children = (
				F65DD49F1A50405D006BCAF0 /* AlmappCore */,
				F65DD4AC1A50405D006BCAF0 /* AlmappCoreTests */,
				F65DD49E1A50405D006BCAF0 /* Products */,
				70FC21F5BA7947DCF9447EAA /* Pods */,
				8F835B127C0413A5F0744CED /* Frameworks */,
			);
			sourceTree = "<group>";
		};
		F65DD49E1A50405D006BCAF0 /* Products */ = {
			isa = PBXGroup;
			children = (
				F65DD49D1A50405D006BCAF0 /* libAlmappCore.a */,
				F65DD4A81A50405D006BCAF0 /* AlmappCoreTests.xctest */,
			);
			name = Products;
			sourceTree = "<group>";
		};
		F65DD49F1A50405D006BCAF0 /* AlmappCore */ = {
			isa = PBXGroup;
			children = (
				F6D19BEE1A51D81200FD4715 /* Delegates */,
				F6D19BEA1A51CF3800FD4715 /* Support */,
				F6D19BDC1A51B01100FD4715 /* Models */,
				F65DD4D71A509130006BCAF0 /* APIControllers */,
				F65DD4A01A50405D006BCAF0 /* AlmappCore.h */,
				F65DD4BD1A505C6E006BCAF0 /* ALMUtil.h */,
				F65DD4BE1A505C6E006BCAF0 /* ALMUtil.m */,
				F6A058A71A543E27001A1E45 /* ALMCore.h */,
				F6A058A81A543E27001A1E45 /* ALMCore.m */,
			);
			path = AlmappCore;
			sourceTree = "<group>";
		};
		F65DD4AC1A50405D006BCAF0 /* AlmappCoreTests */ = {
			isa = PBXGroup;
			children = (
				F6D19BE11A51B2C500FD4715 /* TestHelpers */,
				F65DD4AD1A50405D006BCAF0 /* Supporting Files */,
				F65DD4B81A505478006BCAF0 /* CoreSingletonTests.m */,
				F6D19BE81A51B30E00FD4715 /* APITests.m */,
				F609D1D11A55E6A6008417FA /* PersistenceTests.m */,
			);
			path = AlmappCoreTests;
			sourceTree = "<group>";
		};
		F65DD4AD1A50405D006BCAF0 /* Supporting Files */ = {
			isa = PBXGroup;
			children = (
				F65DD4AE1A50405D006BCAF0 /* Info.plist */,
			);
			name = "Supporting Files";
			sourceTree = "<group>";
		};
		F65DD4D71A509130006BCAF0 /* APIControllers */ = {
			isa = PBXGroup;
			children = (
				F65DD4D81A509153006BCAF0 /* ALMController.h */,
				F65DD4D91A509153006BCAF0 /* ALMController.m */,
				F65DD4DB1A509182006BCAF0 /* ALMUsersController.h */,
				F65DD4DC1A509182006BCAF0 /* ALMUsersController.m */,
				F6D19BD21A518E6000FD4715 /* ALMOrganizationsController.h */,
				F6D19BD31A518E6000FD4715 /* ALMOrganizationsController.m */,
				F609D1D31A55EC65008417FA /* ALMAreasController.h */,
				F609D1D41A55EC65008417FA /* ALMAreasController.m */,
			);
			path = APIControllers;
			sourceTree = "<group>";
		};
		F6A058AD1A545E50001A1E45 /* Base */ = {
			isa = PBXGroup;
			children = (
				F6A058AE1A545E5D001A1E45 /* ALMResource.h */,
				F6A058AF1A545E5D001A1E45 /* ALMResource.m */,
				F64478151A58EE820078FB29 /* ALMResourceConstants.h */,
				F64478161A58EE820078FB29 /* ALMResourceConstants.m */,
			);
			path = Base;
			sourceTree = "<group>";
		};
		F6D19BDC1A51B01100FD4715 /* Models */ = {
			isa = PBXGroup;
			children = (
				F60F90781A596EA6002EF807 /* Concerns */,
				F6A058AD1A545E50001A1E45 /* Base */,
				F6D19BDD1A51B02800FD4715 /* ALMUser.h */,
				F6D19BDE1A51B02800FD4715 /* ALMUser.m */,
				F6A058AA1A54523C001A1E45 /* ALMCampus.h */,
				F6A058AB1A54523C001A1E45 /* ALMCampus.m */,
				F6A058B11A5480C8001A1E45 /* ALMFaculty.h */,
				F6A058B21A5480C8001A1E45 /* ALMFaculty.m */,
				F6A058B41A5481B6001A1E45 /* ALMArea.h */,
				F6A058B51A5481B6001A1E45 /* ALMArea.m */,
				F6A058B71A548588001A1E45 /* ALMPlace.h */,
				F6A058B81A548588001A1E45 /* ALMPlace.m */,
				F6647B5C1A56ED6A00D8C814 /* ALMOrganization.h */,
				F6647B5D1A56ED6A00D8C814 /* ALMOrganization.m */,
				F650A82F1A58A69A000C41B4 /* ALMAcademicUnity.h */,
				F650A8301A58A69A000C41B4 /* ALMAcademicUnity.m */,
				F63683041A58C8D000DBCC6A /* ALMEvent.h */,
				F63683051A58C8D000DBCC6A /* ALMEvent.m */,
				F64478111A58ECB60078FB29 /* ALMCareer.h */,
				F64478121A58ECB60078FB29 /* ALMCareer.m */,
				F60F90751A5969F2002EF807 /* ALMComment.h */,
				F60F90761A5969F2002EF807 /* ALMComment.m */,
				F60F907D1A59841D002EF807 /* ALMLike.h */,
				F60F907E1A59841D002EF807 /* ALMLike.m */,
			);
			path = Models;
			sourceTree = "<group>";
		};
		F6D19BE11A51B2C500FD4715 /* TestHelpers */ = {
			isa = PBXGroup;
			children = (
				F6D19BE21A51B2C500FD4715 /* ALMDummyCoreDelegated.h */,
				F6D19BE31A51B2C500FD4715 /* ALMDummyCoreDelegated.m */,
				F6D19BE41A51B2C500FD4715 /* ALMTestsConstants.h */,
				F6D19BE51A51B2C500FD4715 /* ALMTestsConstants.m */,
			);
			path = TestHelpers;
			sourceTree = "<group>";
		};
		F6D19BEA1A51CF3800FD4715 /* Support */ = {
			isa = PBXGroup;
			children = (
				F6D19BEB1A51CF4800FD4715 /* MCJSONNonNullStringTransformer.h */,
				F6D19BEC1A51CF4800FD4715 /* MCJSONNonNullStringTransformer.m */,
			);
			path = Support;
			sourceTree = "<group>";
		};
		F6D19BEE1A51D81200FD4715 /* Delegates */ = {
			isa = PBXGroup;
			children = (
				F6D19BEF1A51D81200FD4715 /* ALMCoreDelegate.h */,
				F6D19BF01A51D82500FD4715 /* ALMControllerDelegate.h */,
			);
			path = Delegates;
			sourceTree = "<group>";
		};
/* End PBXGroup section */

/* Begin PBXNativeTarget section */
		F65DD49C1A50405D006BCAF0 /* AlmappCore */ = {
			isa = PBXNativeTarget;
			buildConfigurationList = F65DD4B11A50405D006BCAF0 /* Build configuration list for PBXNativeTarget "AlmappCore" */;
			buildPhases = (
				D0C1B750E39AE1976C148334 /* Check Pods Manifest.lock */,
				F65DD4991A50405D006BCAF0 /* Sources */,
				F65DD49A1A50405D006BCAF0 /* Frameworks */,
				F65DD49B1A50405D006BCAF0 /* CopyFiles */,
				EE1ADC539FEFDAD3449BEFEB /* Copy Pods Resources */,
			);
			buildRules = (
			);
			dependencies = (
			);
			name = AlmappCore;
			productName = AlmappCore;
			productReference = F65DD49D1A50405D006BCAF0 /* libAlmappCore.a */;
			productType = "com.apple.product-type.library.static";
		};
		F65DD4A71A50405D006BCAF0 /* AlmappCoreTests */ = {
			isa = PBXNativeTarget;
			buildConfigurationList = F65DD4B41A50405D006BCAF0 /* Build configuration list for PBXNativeTarget "AlmappCoreTests" */;
			buildPhases = (
				F65DD4A41A50405D006BCAF0 /* Sources */,
				F65DD4A51A50405D006BCAF0 /* Frameworks */,
				F65DD4A61A50405D006BCAF0 /* Resources */,
			);
			buildRules = (
			);
			dependencies = (
				F65DD4AB1A50405D006BCAF0 /* PBXTargetDependency */,
			);
			name = AlmappCoreTests;
			productName = AlmappCoreTests;
			productReference = F65DD4A81A50405D006BCAF0 /* AlmappCoreTests.xctest */;
			productType = "com.apple.product-type.bundle.unit-test";
		};
/* End PBXNativeTarget section */

/* Begin PBXProject section */
		F65DD4951A50405D006BCAF0 /* Project object */ = {
			isa = PBXProject;
			attributes = {
				LastUpgradeCheck = 0610;
				ORGANIZATIONNAME = almapp;
				TargetAttributes = {
					F65DD49C1A50405D006BCAF0 = {
						CreatedOnToolsVersion = 6.1.1;
					};
					F65DD4A71A50405D006BCAF0 = {
						CreatedOnToolsVersion = 6.1.1;
					};
					F6D19BC61A5188CB00FD4715 = {
						CreatedOnToolsVersion = 6.1.1;
					};
				};
			};
			buildConfigurationList = F65DD4981A50405D006BCAF0 /* Build configuration list for PBXProject "AlmappCore" */;
			compatibilityVersion = "Xcode 3.2";
			developmentRegion = English;
			hasScannedForEncodings = 0;
			knownRegions = (
				en,
			);
			mainGroup = F65DD4941A50405D006BCAF0;
			productRefGroup = F65DD49E1A50405D006BCAF0 /* Products */;
			projectDirPath = "";
			projectRoot = "";
			targets = (
				F65DD49C1A50405D006BCAF0 /* AlmappCore */,
				F65DD4A71A50405D006BCAF0 /* AlmappCoreTests */,
				F6D19BC61A5188CB00FD4715 /* Mogenerator */,
			);
		};
/* End PBXProject section */

/* Begin PBXResourcesBuildPhase section */
		F65DD4A61A50405D006BCAF0 /* Resources */ = {
			isa = PBXResourcesBuildPhase;
			buildActionMask = 2147483647;
			files = (
			);
			runOnlyForDeploymentPostprocessing = 0;
		};
/* End PBXResourcesBuildPhase section */

/* Begin PBXShellScriptBuildPhase section */
		D0C1B750E39AE1976C148334 /* Check Pods Manifest.lock */ = {
			isa = PBXShellScriptBuildPhase;
			buildActionMask = 2147483647;
			files = (
			);
			inputPaths = (
			);
			name = "Check Pods Manifest.lock";
			outputPaths = (
			);
			runOnlyForDeploymentPostprocessing = 0;
			shellPath = /bin/sh;
			shellScript = "diff \"${PODS_ROOT}/../Podfile.lock\" \"${PODS_ROOT}/Manifest.lock\" > /dev/null\nif [[ $? != 0 ]] ; then\n    cat << EOM\nerror: The sandbox is not in sync with the Podfile.lock. Run 'pod install' or update your CocoaPods installation.\nEOM\n    exit 1\nfi\n";
			showEnvVarsInLog = 0;
		};
		EE1ADC539FEFDAD3449BEFEB /* Copy Pods Resources */ = {
			isa = PBXShellScriptBuildPhase;
			buildActionMask = 2147483647;
			files = (
			);
			inputPaths = (
			);
			name = "Copy Pods Resources";
			outputPaths = (
			);
			runOnlyForDeploymentPostprocessing = 0;
			shellPath = /bin/sh;
			shellScript = "\"${SRCROOT}/Pods/Target Support Files/Pods-AlmappCore/Pods-AlmappCore-resources.sh\"\n";
			showEnvVarsInLog = 0;
		};
		F6D19BCA1A51890500FD4715 /* ShellScript */ = {
			isa = PBXShellScriptBuildPhase;
			buildActionMask = 2147483647;
			files = (
			);
			inputPaths = (
			);
			outputPaths = (
			);
			runOnlyForDeploymentPostprocessing = 0;
			shellPath = "mogenerator -m AlmappCore/AlmappModel.xcdatamodeld -O AlmappCore/Model --template-var arc=true";
			shellScript = "";
		};
/* End PBXShellScriptBuildPhase section */

/* Begin PBXSourcesBuildPhase section */
		F65DD4991A50405D006BCAF0 /* Sources */ = {
			isa = PBXSourcesBuildPhase;
			buildActionMask = 2147483647;
			files = (
				F6A058B91A548588001A1E45 /* ALMPlace.m in Sources */,
				F64478131A58ECB60078FB29 /* ALMCareer.m in Sources */,
				F63683061A58C8D000DBCC6A /* ALMEvent.m in Sources */,
				F6647B5E1A56ED6A00D8C814 /* ALMOrganization.m in Sources */,
				F65DD4DA1A509153006BCAF0 /* ALMController.m in Sources */,
				F6A058B31A5480C8001A1E45 /* ALMFaculty.m in Sources */,
				F6A058AC1A54523C001A1E45 /* ALMCampus.m in Sources */,
				F6D19BDF1A51B02800FD4715 /* ALMUser.m in Sources */,
				F6A058B61A5481B6001A1E45 /* ALMArea.m in Sources */,
				F65DD4DD1A509182006BCAF0 /* ALMUsersController.m in Sources */,
				F6D19BD41A518E6000FD4715 /* ALMOrganizationsController.m in Sources */,
				F60F907F1A59841D002EF807 /* ALMLike.m in Sources */,
				F6D19BED1A51CF4800FD4715 /* MCJSONNonNullStringTransformer.m in Sources */,
				F609D1D51A55EC65008417FA /* ALMAreasController.m in Sources */,
				F65DD4BF1A505C6E006BCAF0 /* ALMUtil.m in Sources */,
				F64478171A58EE820078FB29 /* ALMResourceConstants.m in Sources */,
				F60F90771A5969F2002EF807 /* ALMComment.m in Sources */,
				F6A058B01A545E5D001A1E45 /* ALMResource.m in Sources */,
				F650A8311A58A69A000C41B4 /* ALMAcademicUnity.m in Sources */,
				F6A058A91A543E27001A1E45 /* ALMCore.m in Sources */,
			);
			runOnlyForDeploymentPostprocessing = 0;
		};
		F65DD4A41A50405D006BCAF0 /* Sources */ = {
			isa = PBXSourcesBuildPhase;
			buildActionMask = 2147483647;
			files = (
				F6D19BE71A51B2C500FD4715 /* ALMTestsConstants.m in Sources */,
				F6D19BE61A51B2C500FD4715 /* ALMDummyCoreDelegated.m in Sources */,
				F6D19BE91A51B30E00FD4715 /* APITests.m in Sources */,
				F65DD4B91A505478006BCAF0 /* CoreSingletonTests.m in Sources */,
				F609D1D21A55E6A6008417FA /* PersistenceTests.m in Sources */,
			);
			runOnlyForDeploymentPostprocessing = 0;
		};
/* End PBXSourcesBuildPhase section */

/* Begin PBXTargetDependency section */
		F65DD4AB1A50405D006BCAF0 /* PBXTargetDependency */ = {
			isa = PBXTargetDependency;
			target = F65DD49C1A50405D006BCAF0 /* AlmappCore */;
			targetProxy = F65DD4AA1A50405D006BCAF0 /* PBXContainerItemProxy */;
		};
/* End PBXTargetDependency section */

/* Begin XCBuildConfiguration section */
		F65DD4AF1A50405D006BCAF0 /* Debug */ = {
			isa = XCBuildConfiguration;
			buildSettings = {
				ALWAYS_SEARCH_USER_PATHS = NO;
				CLANG_CXX_LANGUAGE_STANDARD = "gnu++0x";
				CLANG_CXX_LIBRARY = "libc++";
				CLANG_ENABLE_MODULES = YES;
				CLANG_ENABLE_OBJC_ARC = YES;
				CLANG_WARN_BOOL_CONVERSION = YES;
				CLANG_WARN_CONSTANT_CONVERSION = YES;
				CLANG_WARN_DIRECT_OBJC_ISA_USAGE = YES_ERROR;
				CLANG_WARN_EMPTY_BODY = YES;
				CLANG_WARN_ENUM_CONVERSION = YES;
				CLANG_WARN_INT_CONVERSION = YES;
				CLANG_WARN_OBJC_ROOT_CLASS = YES_ERROR;
				CLANG_WARN_UNREACHABLE_CODE = YES;
				CLANG_WARN__DUPLICATE_METHOD_MATCH = YES;
				COPY_PHASE_STRIP = NO;
				ENABLE_STRICT_OBJC_MSGSEND = YES;
				GCC_C_LANGUAGE_STANDARD = gnu99;
				GCC_DYNAMIC_NO_PIC = NO;
				GCC_OPTIMIZATION_LEVEL = 0;
				GCC_PREPROCESSOR_DEFINITIONS = (
					"DEBUG=1",
					"$(inherited)",
				);
				GCC_SYMBOLS_PRIVATE_EXTERN = NO;
				GCC_WARN_64_TO_32_BIT_CONVERSION = YES;
				GCC_WARN_ABOUT_RETURN_TYPE = YES_ERROR;
				GCC_WARN_UNDECLARED_SELECTOR = YES;
				GCC_WARN_UNINITIALIZED_AUTOS = YES_AGGRESSIVE;
				GCC_WARN_UNUSED_FUNCTION = YES;
				GCC_WARN_UNUSED_VARIABLE = YES;
				IPHONEOS_DEPLOYMENT_TARGET = 7.0;
				MTL_ENABLE_DEBUG_INFO = YES;
				ONLY_ACTIVE_ARCH = YES;
				SDKROOT = iphoneos;
			};
			name = Debug;
		};
		F65DD4B01A50405D006BCAF0 /* Release */ = {
			isa = XCBuildConfiguration;
			buildSettings = {
				ALWAYS_SEARCH_USER_PATHS = NO;
				CLANG_CXX_LANGUAGE_STANDARD = "gnu++0x";
				CLANG_CXX_LIBRARY = "libc++";
				CLANG_ENABLE_MODULES = YES;
				CLANG_ENABLE_OBJC_ARC = YES;
				CLANG_WARN_BOOL_CONVERSION = YES;
				CLANG_WARN_CONSTANT_CONVERSION = YES;
				CLANG_WARN_DIRECT_OBJC_ISA_USAGE = YES_ERROR;
				CLANG_WARN_EMPTY_BODY = YES;
				CLANG_WARN_ENUM_CONVERSION = YES;
				CLANG_WARN_INT_CONVERSION = YES;
				CLANG_WARN_OBJC_ROOT_CLASS = YES_ERROR;
				CLANG_WARN_UNREACHABLE_CODE = YES;
				CLANG_WARN__DUPLICATE_METHOD_MATCH = YES;
				COPY_PHASE_STRIP = YES;
				ENABLE_NS_ASSERTIONS = NO;
				ENABLE_STRICT_OBJC_MSGSEND = YES;
				GCC_C_LANGUAGE_STANDARD = gnu99;
				GCC_WARN_64_TO_32_BIT_CONVERSION = YES;
				GCC_WARN_ABOUT_RETURN_TYPE = YES_ERROR;
				GCC_WARN_UNDECLARED_SELECTOR = YES;
				GCC_WARN_UNINITIALIZED_AUTOS = YES_AGGRESSIVE;
				GCC_WARN_UNUSED_FUNCTION = YES;
				GCC_WARN_UNUSED_VARIABLE = YES;
				IPHONEOS_DEPLOYMENT_TARGET = 7.0;
				MTL_ENABLE_DEBUG_INFO = NO;
				SDKROOT = iphoneos;
				VALIDATE_PRODUCT = YES;
			};
			name = Release;
		};
		F65DD4B21A50405D006BCAF0 /* Debug */ = {
			isa = XCBuildConfiguration;
			baseConfigurationReference = DD0BF90281DBEFD3783C76BC /* Pods-AlmappCore.debug.xcconfig */;
			buildSettings = {
				OTHER_LDFLAGS = "-ObjC";
				PRODUCT_NAME = "$(TARGET_NAME)";
				SKIP_INSTALL = YES;
			};
			name = Debug;
		};
		F65DD4B31A50405D006BCAF0 /* Release */ = {
			isa = XCBuildConfiguration;
			baseConfigurationReference = D31F621F95D2C81E5FF97137 /* Pods-AlmappCore.release.xcconfig */;
			buildSettings = {
				OTHER_LDFLAGS = "-ObjC";
				PRODUCT_NAME = "$(TARGET_NAME)";
				SKIP_INSTALL = YES;
			};
			name = Release;
		};
		F65DD4B51A50405D006BCAF0 /* Debug */ = {
			isa = XCBuildConfiguration;
			baseConfigurationReference = DD0BF90281DBEFD3783C76BC /* Pods-AlmappCore.debug.xcconfig */;
			buildSettings = {
				FRAMEWORK_SEARCH_PATHS = (
					"$(SDKROOT)/Developer/Library/Frameworks",
					"$(inherited)",
				);
				GCC_PREPROCESSOR_DEFINITIONS = (
					"DEBUG=1",
					"$(inherited)",
				);
				INFOPLIST_FILE = AlmappCoreTests/Info.plist;
				LD_RUNPATH_SEARCH_PATHS = "$(inherited) @executable_path/Frameworks @loader_path/Frameworks";
				PRODUCT_NAME = "$(TARGET_NAME)";
			};
			name = Debug;
		};
		F65DD4B61A50405D006BCAF0 /* Release */ = {
			isa = XCBuildConfiguration;
			buildSettings = {
				FRAMEWORK_SEARCH_PATHS = (
					"$(SDKROOT)/Developer/Library/Frameworks",
					"$(inherited)",
				);
				INFOPLIST_FILE = AlmappCoreTests/Info.plist;
				LD_RUNPATH_SEARCH_PATHS = "$(inherited) @executable_path/Frameworks @loader_path/Frameworks";
				PRODUCT_NAME = "$(TARGET_NAME)";
			};
			name = Release;
		};
		F6D19BC71A5188CB00FD4715 /* Debug */ = {
			isa = XCBuildConfiguration;
			buildSettings = {
				PRODUCT_NAME = "$(TARGET_NAME)";
			};
			name = Debug;
		};
		F6D19BC81A5188CB00FD4715 /* Release */ = {
			isa = XCBuildConfiguration;
			buildSettings = {
				PRODUCT_NAME = "$(TARGET_NAME)";
			};
			name = Release;
		};
/* End XCBuildConfiguration section */

/* Begin XCConfigurationList section */
		F65DD4981A50405D006BCAF0 /* Build configuration list for PBXProject "AlmappCore" */ = {
			isa = XCConfigurationList;
			buildConfigurations = (
				F65DD4AF1A50405D006BCAF0 /* Debug */,
				F65DD4B01A50405D006BCAF0 /* Release */,
			);
			defaultConfigurationIsVisible = 0;
			defaultConfigurationName = Release;
		};
		F65DD4B11A50405D006BCAF0 /* Build configuration list for PBXNativeTarget "AlmappCore" */ = {
			isa = XCConfigurationList;
			buildConfigurations = (
				F65DD4B21A50405D006BCAF0 /* Debug */,
				F65DD4B31A50405D006BCAF0 /* Release */,
			);
			defaultConfigurationIsVisible = 0;
			defaultConfigurationName = Release;
		};
		F65DD4B41A50405D006BCAF0 /* Build configuration list for PBXNativeTarget "AlmappCoreTests" */ = {
			isa = XCConfigurationList;
			buildConfigurations = (
				F65DD4B51A50405D006BCAF0 /* Debug */,
				F65DD4B61A50405D006BCAF0 /* Release */,
			);
			defaultConfigurationIsVisible = 0;
			defaultConfigurationName = Release;
		};
		F6D19BC91A5188CB00FD4715 /* Build configuration list for PBXAggregateTarget "Mogenerator" */ = {
			isa = XCConfigurationList;
			buildConfigurations = (
				F6D19BC71A5188CB00FD4715 /* Debug */,
				F6D19BC81A5188CB00FD4715 /* Release */,
			);
			defaultConfigurationIsVisible = 0;
			defaultConfigurationName = Release;
		};
/* End XCConfigurationList section */
	};
	rootObject = F65DD4951A50405D006BCAF0 /* Project object */;
}
