PODS:
  - AFNetworking (2.5.0):
    - AFNetworking/NSURLConnection (= 2.5.0)
    - AFNetworking/NSURLSession (= 2.5.0)
    - AFNetworking/Reachability (= 2.5.0)
    - AFNetworking/Security (= 2.5.0)
    - AFNetworking/Serialization (= 2.5.0)
    - AFNetworking/UIKit (= 2.5.0)
  - AFNetworking/NSURLConnection (2.5.0):
    - AFNetworking/Reachability
    - AFNetworking/Security
    - AFNetworking/Serialization
  - AFNetworking/NSURLSession (2.5.0):
    - AFNetworking/Reachability
    - AFNetworking/Security
    - AFNetworking/Serialization
  - AFNetworking/Reachability (2.5.0)
  - AFNetworking/Security (2.5.0)
  - AFNetworking/Serialization (2.5.0)
  - AFNetworking/UIKit (2.5.0):
    - AFNetworking/NSURLConnection
    - AFNetworking/NSURLSession
  - AFOAuth2Manager (2.0.0):
    - AFNetworking (~> 2.2)
  - FayeCpp (0.1.7)
  - OMGHTTPURLRQ (2.1):
    - OMGHTTPURLRQ/RQ (= 2.1)
  - OMGHTTPURLRQ/FormURLEncode (2.1)
  - OMGHTTPURLRQ/RQ (2.1):
    - OMGHTTPURLRQ/FormURLEncode
    - OMGHTTPURLRQ/UserAgent
  - OMGHTTPURLRQ/UserAgent (2.1)
  - PromiseKit (1.2.2):
    - PromiseKit/CALayer (= 1.2.2)
    - PromiseKit/NSNotificationCenter (= 1.2.2)
    - PromiseKit/NSURLConnection (= 1.2.2)
    - PromiseKit/Pause (= 1.2.2)
    - PromiseKit/UIActionSheet (= 1.2.2)
    - PromiseKit/UIAlertView (= 1.2.2)
    - PromiseKit/UIView (= 1.2.2)
    - PromiseKit/UIViewController (= 1.2.2)
    - PromiseKit/Until (= 1.2.2)
    - PromiseKit/When (= 1.2.2)
  - PromiseKit-AFNetworking (0.1.5):
    - AFNetworking (~> 2.0)
    - PromiseKit/Promise
  - PromiseKit/CALayer (1.2.2):
    - PromiseKit/Promise
  - PromiseKit/NSNotificationCenter (1.2.2):
    - PromiseKit/Promise
  - PromiseKit/NSURLConnection (1.2.2):
    - OMGHTTPURLRQ
    - PromiseKit/Promise
  - PromiseKit/Pause (1.2.2):
    - PromiseKit/Promise
  - PromiseKit/Promise (1.2.2)
  - PromiseKit/UIActionSheet (1.2.2):
    - PromiseKit/Promise
  - PromiseKit/UIAlertView (1.2.2):
    - PromiseKit/Promise
  - PromiseKit/UIView (1.2.2):
    - PromiseKit/Promise
  - PromiseKit/UIViewController (1.2.2):
    - PromiseKit/Promise
  - PromiseKit/Until (1.2.2):
    - PromiseKit/Promise
    - PromiseKit/When
  - PromiseKit/When (1.2.2):
    - PromiseKit/Promise
  - Realm (0.90.4):
    - Realm/Headers (= 0.90.4)
  - Realm+JSON (0.2.5):
    - Realm (~> 0.90)
  - Realm/Headers (0.90.4)
  - UICKeyChainStore (2.0.2)

DEPENDENCIES:
  - AFNetworking
  - AFOAuth2Manager
  - FayeCpp
  - PromiseKit
  - PromiseKit-AFNetworking
  - Realm+JSON (from `https://github.com/mrpatiwi/Realm-JSON.git`, commit `813d6b474848f3ebaa1f6c92562cce00e9069ac4`, branch `master`)
  - UICKeyChainStore

EXTERNAL SOURCES:
  Realm+JSON:
    :branch: master
    :commit: 813d6b474848f3ebaa1f6c92562cce00e9069ac4
    :git: https://github.com/mrpatiwi/Realm-JSON.git

CHECKOUT OPTIONS:
  Realm+JSON:
    :branch: master
    :commit: 813d6b474848f3ebaa1f6c92562cce00e9069ac4
    :git: https://github.com/mrpatiwi/Realm-JSON.git

SPEC CHECKSUMS:
  AFNetworking: 0f54cb5d16ce38c1b76948faffb8d5fb705021c7
  AFOAuth2Manager: a7726957cbc14c229b5d5d648c934453b6bb55b0
  FayeCpp: 8f4ac60cbcc9eb0fea16e5be2dda6b521aa2146d
  OMGHTTPURLRQ: f8c515dfd2f57a5d74c710978f600231f52afec5
  PromiseKit: 812643bdf837142e98d4becfb2a69d8f35e5aa6b
  PromiseKit-AFNetworking: 16db750b394dcd12aa8527eb1bb9f209a36a49f7
  Realm: 43ec5595f51849fabccd2213cfad90bc4ff9a3c0
  Realm+JSON: 6e79752d27dde89c4ff188df45e52896a8cc719f
  UICKeyChainStore: 14bf8cb308432c2ca7c1b8b600398d4d6af8cb8d

COCOAPODS: 0.35.0
